
Microsoft Visual Studio Solution File, Format Version 12.00
# Visual Studio 14
VisualStudioVersion = 14.0.25123.0
MinimumVisualStudioVersion = 10.0.40219.1
Project("{FAE04EC0-301F-11D3-BF4B-00C04F79EFBC}") = "MelodicBanjoArranger", "MelodicBanjoArranger\MelodicBanjoArranger.csproj", "{92E4CB4C-98B0-40CD-B851-CCF6E2577F13}"
	ProjectSection(ProjectDependencies) = postProject
		{B76F8F71-4B00-4242-BE36-C9F0732511F7} = {B76F8F71-4B00-4242-BE36-C9F0732511F7}
		{725CD2CB-CF37-414E-A5A6-F1D87D4D6EDE} = {725CD2CB-CF37-414E-A5A6-F1D87D4D6EDE}
	EndProjectSection
EndProject
Project("{2150E333-8FDC-42A3-9474-1A3956D46DE8}") = "Solution Items", "Solution Items", "{45E36EC6-1832-47E7-8A73-A72902B66F62}"
	ProjectSection(SolutionItems) = preProject
		Local.testsettings = Local.testsettings
		..\MelodicBanjoArranger.vsd = ..\MelodicBanjoArranger.vsd
		MelodicBanjoArranger.vsmdi = MelodicBanjoArranger.vsmdi
		ReadMe.md = ReadMe.md
		TraceAndTestImpact.testsettings = TraceAndTestImpact.testsettings
	EndProjectSection
EndProject
Project("{FAE04EC0-301F-11D3-BF4B-00C04F79EFBC}") = "TestProject1", "TestProject1\TestProject1.csproj", "{724B9CA9-D6F5-44BC-85D3-62ED2A6D3F40}"
EndProject
Project("{FAE04EC0-301F-11D3-BF4B-00C04F79EFBC}") = "AlphaTab.CSharp", "lib\AlphaTab\Source\AlphaTab.CSharp\AlphaTab.CSharp.csproj", "{ABA04EBE-36B2-469D-A025-16BA6131818E}"
EndProject
Project("{FAE04EC0-301F-11D3-BF4B-00C04F79EFBC}") = "Msagl", "lib\GLEE\GraphLayout\MSAGL\Msagl.csproj", "{415D3E3F-7105-46C1-84D2-7ECB34213D92}"
EndProject
Project("{FAE04EC0-301F-11D3-BF4B-00C04F79EFBC}") = "GraphViewerGDI", "lib\GLEE\GraphLayout\tools\GraphViewerGDI\GraphViewerGDI.csproj", "{725CD2CB-CF37-414E-A5A6-F1D87D4D6EDE}"
	ProjectSection(ProjectDependencies) = postProject
		{B76F8F71-4B00-4242-BE36-C9F0732511F7} = {B76F8F71-4B00-4242-BE36-C9F0732511F7}
	EndProjectSection
EndProject
Project("{FAE04EC0-301F-11D3-BF4B-00C04F79EFBC}") = "drawing", "lib\GLEE\GraphLayout\Drawing\drawing.csproj", "{B76F8F71-4B00-4242-BE36-C9F0732511F7}"
EndProject
Global
	GlobalSection(SharedMSBuildProjectFiles) = preSolution
		lib\AlphaTab\Source\AlphaTab\AlphaTab.projitems*{aba04ebe-36b2-469d-a025-16ba6131818e}*SharedItemsImports = 4
	EndGlobalSection
	GlobalSection(SolutionConfigurationPlatforms) = preSolution
		CutRelease|Any CPU = CutRelease|Any CPU
		CutRelease|Mixed Platforms = CutRelease|Mixed Platforms
		CutRelease|x64 = CutRelease|x64
		CutRelease|x86 = CutRelease|x86
		Debug Surface Graph Viewer|Any CPU = Debug Surface Graph Viewer|Any CPU
		Debug Surface Graph Viewer|Mixed Platforms = Debug Surface Graph Viewer|Mixed Platforms
		Debug Surface Graph Viewer|x64 = Debug Surface Graph Viewer|x64
		Debug Surface Graph Viewer|x86 = Debug Surface Graph Viewer|x86
		Debug|Any CPU = Debug|Any CPU
		Debug|Mixed Platforms = Debug|Mixed Platforms
		Debug|x64 = Debug|x64
		Debug|x86 = Debug|x86
		DebugDevTrace|Any CPU = DebugDevTrace|Any CPU
		DebugDevTrace|Mixed Platforms = DebugDevTrace|Mixed Platforms
		DebugDevTrace|x64 = DebugDevTrace|x64
		DebugDevTrace|x86 = DebugDevTrace|x86
		DebugSurface|Any CPU = DebugSurface|Any CPU
		DebugSurface|Mixed Platforms = DebugSurface|Mixed Platforms
		DebugSurface|x64 = DebugSurface|x64
		DebugSurface|x86 = DebugSurface|x86
		DebugWithoutRebuild|Any CPU = DebugWithoutRebuild|Any CPU
		DebugWithoutRebuild|Mixed Platforms = DebugWithoutRebuild|Mixed Platforms
		DebugWithoutRebuild|x64 = DebugWithoutRebuild|x64
		DebugWithoutRebuild|x86 = DebugWithoutRebuild|x86
		MinimalMsagl|Any CPU = MinimalMsagl|Any CPU
		MinimalMsagl|Mixed Platforms = MinimalMsagl|Mixed Platforms
		MinimalMsagl|x64 = MinimalMsagl|x64
		MinimalMsagl|x86 = MinimalMsagl|x86
		MonoDebug|Any CPU = MonoDebug|Any CPU
		MonoDebug|Mixed Platforms = MonoDebug|Mixed Platforms
		MonoDebug|x64 = MonoDebug|x64
		MonoDebug|x86 = MonoDebug|x86
		MonoRelease|Any CPU = MonoRelease|Any CPU
		MonoRelease|Mixed Platforms = MonoRelease|Mixed Platforms
		MonoRelease|x64 = MonoRelease|x64
		MonoRelease|x86 = MonoRelease|x86
		Release|Any CPU = Release|Any CPU
		Release|Mixed Platforms = Release|Mixed Platforms
		Release|x64 = Release|x64
		Release|x86 = Release|x86
		Retail|Any CPU = Retail|Any CPU
		Retail|Mixed Platforms = Retail|Mixed Platforms
		Retail|x64 = Retail|x64
		Retail|x86 = Retail|x86
		Setup|Any CPU = Setup|Any CPU
		Setup|Mixed Platforms = Setup|Mixed Platforms
		Setup|x64 = Setup|x64
		Setup|x86 = Setup|x86
		Surface Graph Viewer - Debug|Any CPU = Surface Graph Viewer - Debug|Any CPU
		Surface Graph Viewer - Debug|Mixed Platforms = Surface Graph Viewer - Debug|Mixed Platforms
		Surface Graph Viewer - Debug|x64 = Surface Graph Viewer - Debug|x64
		Surface Graph Viewer - Debug|x86 = Surface Graph Viewer - Debug|x86
		Surface Graph Viewer - Release|Any CPU = Surface Graph Viewer - Release|Any CPU
		Surface Graph Viewer - Release|Mixed Platforms = Surface Graph Viewer - Release|Mixed Platforms
		Surface Graph Viewer - Release|x64 = Surface Graph Viewer - Release|x64
		Surface Graph Viewer - Release|x86 = Surface Graph Viewer - Release|x86
	EndGlobalSection
	GlobalSection(ProjectConfigurationPlatforms) = postSolution
		{92E4CB4C-98B0-40CD-B851-CCF6E2577F13}.CutRelease|Any CPU.ActiveCfg = Release|x86
		{92E4CB4C-98B0-40CD-B851-CCF6E2577F13}.CutRelease|Any CPU.Build.0 = Release|x86
		{92E4CB4C-98B0-40CD-B851-CCF6E2577F13}.CutRelease|Mixed Platforms.ActiveCfg = Release|x86
		{92E4CB4C-98B0-40CD-B851-CCF6E2577F13}.CutRelease|Mixed Platforms.Build.0 = Release|x86
		{92E4CB4C-98B0-40CD-B851-CCF6E2577F13}.CutRelease|x64.ActiveCfg = Release|x86
		{92E4CB4C-98B0-40CD-B851-CCF6E2577F13}.CutRelease|x64.Build.0 = Release|x86
		{92E4CB4C-98B0-40CD-B851-CCF6E2577F13}.CutRelease|x86.ActiveCfg = Release|x86
		{92E4CB4C-98B0-40CD-B851-CCF6E2577F13}.CutRelease|x86.Build.0 = Release|x86
		{92E4CB4C-98B0-40CD-B851-CCF6E2577F13}.Debug Surface Graph Viewer|Any CPU.ActiveCfg = Release|x86
		{92E4CB4C-98B0-40CD-B851-CCF6E2577F13}.Debug Surface Graph Viewer|Any CPU.Build.0 = Release|x86
		{92E4CB4C-98B0-40CD-B851-CCF6E2577F13}.Debug Surface Graph Viewer|Mixed Platforms.ActiveCfg = Debug|x86
		{92E4CB4C-98B0-40CD-B851-CCF6E2577F13}.Debug Surface Graph Viewer|Mixed Platforms.Build.0 = Debug|x86
		{92E4CB4C-98B0-40CD-B851-CCF6E2577F13}.Debug Surface Graph Viewer|x64.ActiveCfg = Release|x86
		{92E4CB4C-98B0-40CD-B851-CCF6E2577F13}.Debug Surface Graph Viewer|x64.Build.0 = Release|x86
		{92E4CB4C-98B0-40CD-B851-CCF6E2577F13}.Debug Surface Graph Viewer|x86.ActiveCfg = Debug|x86
		{92E4CB4C-98B0-40CD-B851-CCF6E2577F13}.Debug Surface Graph Viewer|x86.Build.0 = Debug|x86
		{92E4CB4C-98B0-40CD-B851-CCF6E2577F13}.Debug|Any CPU.ActiveCfg = Debug|x86
		{92E4CB4C-98B0-40CD-B851-CCF6E2577F13}.Debug|Any CPU.Build.0 = Debug|x86
		{92E4CB4C-98B0-40CD-B851-CCF6E2577F13}.Debug|Mixed Platforms.ActiveCfg = Debug|x86
		{92E4CB4C-98B0-40CD-B851-CCF6E2577F13}.Debug|Mixed Platforms.Build.0 = Debug|x86
		{92E4CB4C-98B0-40CD-B851-CCF6E2577F13}.Debug|x64.ActiveCfg = Debug|x86
		{92E4CB4C-98B0-40CD-B851-CCF6E2577F13}.Debug|x86.ActiveCfg = Debug|x86
		{92E4CB4C-98B0-40CD-B851-CCF6E2577F13}.Debug|x86.Build.0 = Debug|x86
		{92E4CB4C-98B0-40CD-B851-CCF6E2577F13}.DebugDevTrace|Any CPU.ActiveCfg = Release|x86
		{92E4CB4C-98B0-40CD-B851-CCF6E2577F13}.DebugDevTrace|Any CPU.Build.0 = Release|x86
		{92E4CB4C-98B0-40CD-B851-CCF6E2577F13}.DebugDevTrace|Mixed Platforms.ActiveCfg = Debug|x86
		{92E4CB4C-98B0-40CD-B851-CCF6E2577F13}.DebugDevTrace|Mixed Platforms.Build.0 = Debug|x86
		{92E4CB4C-98B0-40CD-B851-CCF6E2577F13}.DebugDevTrace|x64.ActiveCfg = Release|x86
		{92E4CB4C-98B0-40CD-B851-CCF6E2577F13}.DebugDevTrace|x64.Build.0 = Release|x86
		{92E4CB4C-98B0-40CD-B851-CCF6E2577F13}.DebugDevTrace|x86.ActiveCfg = Debug|x86
		{92E4CB4C-98B0-40CD-B851-CCF6E2577F13}.DebugDevTrace|x86.Build.0 = Debug|x86
		{92E4CB4C-98B0-40CD-B851-CCF6E2577F13}.DebugSurface|Any CPU.ActiveCfg = Release|x86
		{92E4CB4C-98B0-40CD-B851-CCF6E2577F13}.DebugSurface|Any CPU.Build.0 = Release|x86
		{92E4CB4C-98B0-40CD-B851-CCF6E2577F13}.DebugSurface|Mixed Platforms.ActiveCfg = Debug|x86
		{92E4CB4C-98B0-40CD-B851-CCF6E2577F13}.DebugSurface|Mixed Platforms.Build.0 = Debug|x86
		{92E4CB4C-98B0-40CD-B851-CCF6E2577F13}.DebugSurface|x64.ActiveCfg = Release|x86
		{92E4CB4C-98B0-40CD-B851-CCF6E2577F13}.DebugSurface|x64.Build.0 = Release|x86
		{92E4CB4C-98B0-40CD-B851-CCF6E2577F13}.DebugSurface|x86.ActiveCfg = Debug|x86
		{92E4CB4C-98B0-40CD-B851-CCF6E2577F13}.DebugSurface|x86.Build.0 = Debug|x86
		{92E4CB4C-98B0-40CD-B851-CCF6E2577F13}.DebugWithoutRebuild|Any CPU.ActiveCfg = Release|x86
		{92E4CB4C-98B0-40CD-B851-CCF6E2577F13}.DebugWithoutRebuild|Any CPU.Build.0 = Release|x86
		{92E4CB4C-98B0-40CD-B851-CCF6E2577F13}.DebugWithoutRebuild|Mixed Platforms.ActiveCfg = Debug|x86
		{92E4CB4C-98B0-40CD-B851-CCF6E2577F13}.DebugWithoutRebuild|Mixed Platforms.Build.0 = Debug|x86
		{92E4CB4C-98B0-40CD-B851-CCF6E2577F13}.DebugWithoutRebuild|x64.ActiveCfg = Release|x86
		{92E4CB4C-98B0-40CD-B851-CCF6E2577F13}.DebugWithoutRebuild|x64.Build.0 = Release|x86
		{92E4CB4C-98B0-40CD-B851-CCF6E2577F13}.DebugWithoutRebuild|x86.ActiveCfg = Debug|x86
		{92E4CB4C-98B0-40CD-B851-CCF6E2577F13}.DebugWithoutRebuild|x86.Build.0 = Debug|x86
		{92E4CB4C-98B0-40CD-B851-CCF6E2577F13}.MinimalMsagl|Any CPU.ActiveCfg = Release|x86
		{92E4CB4C-98B0-40CD-B851-CCF6E2577F13}.MinimalMsagl|Any CPU.Build.0 = Release|x86
		{92E4CB4C-98B0-40CD-B851-CCF6E2577F13}.MinimalMsagl|Mixed Platforms.ActiveCfg = Release|x86
		{92E4CB4C-98B0-40CD-B851-CCF6E2577F13}.MinimalMsagl|Mixed Platforms.Build.0 = Release|x86
		{92E4CB4C-98B0-40CD-B851-CCF6E2577F13}.MinimalMsagl|x64.ActiveCfg = Release|x86
		{92E4CB4C-98B0-40CD-B851-CCF6E2577F13}.MinimalMsagl|x64.Build.0 = Release|x86
		{92E4CB4C-98B0-40CD-B851-CCF6E2577F13}.MinimalMsagl|x86.ActiveCfg = Release|x86
		{92E4CB4C-98B0-40CD-B851-CCF6E2577F13}.MinimalMsagl|x86.Build.0 = Release|x86
		{92E4CB4C-98B0-40CD-B851-CCF6E2577F13}.MonoDebug|Any CPU.ActiveCfg = Release|x86
		{92E4CB4C-98B0-40CD-B851-CCF6E2577F13}.MonoDebug|Any CPU.Build.0 = Release|x86
		{92E4CB4C-98B0-40CD-B851-CCF6E2577F13}.MonoDebug|Mixed Platforms.ActiveCfg = Debug|x86
		{92E4CB4C-98B0-40CD-B851-CCF6E2577F13}.MonoDebug|Mixed Platforms.Build.0 = Debug|x86
		{92E4CB4C-98B0-40CD-B851-CCF6E2577F13}.MonoDebug|x64.ActiveCfg = Release|x86
		{92E4CB4C-98B0-40CD-B851-CCF6E2577F13}.MonoDebug|x64.Build.0 = Release|x86
		{92E4CB4C-98B0-40CD-B851-CCF6E2577F13}.MonoDebug|x86.ActiveCfg = Debug|x86
		{92E4CB4C-98B0-40CD-B851-CCF6E2577F13}.MonoDebug|x86.Build.0 = Debug|x86
		{92E4CB4C-98B0-40CD-B851-CCF6E2577F13}.MonoRelease|Any CPU.ActiveCfg = Release|x86
		{92E4CB4C-98B0-40CD-B851-CCF6E2577F13}.MonoRelease|Any CPU.Build.0 = Release|x86
		{92E4CB4C-98B0-40CD-B851-CCF6E2577F13}.MonoRelease|Mixed Platforms.ActiveCfg = Release|x86
		{92E4CB4C-98B0-40CD-B851-CCF6E2577F13}.MonoRelease|Mixed Platforms.Build.0 = Release|x86
		{92E4CB4C-98B0-40CD-B851-CCF6E2577F13}.MonoRelease|x64.ActiveCfg = Release|x86
		{92E4CB4C-98B0-40CD-B851-CCF6E2577F13}.MonoRelease|x64.Build.0 = Release|x86
		{92E4CB4C-98B0-40CD-B851-CCF6E2577F13}.MonoRelease|x86.ActiveCfg = Release|x86
		{92E4CB4C-98B0-40CD-B851-CCF6E2577F13}.MonoRelease|x86.Build.0 = Release|x86
		{92E4CB4C-98B0-40CD-B851-CCF6E2577F13}.Release|Any CPU.ActiveCfg = Release|x86
		{92E4CB4C-98B0-40CD-B851-CCF6E2577F13}.Release|Mixed Platforms.ActiveCfg = Release|x86
		{92E4CB4C-98B0-40CD-B851-CCF6E2577F13}.Release|Mixed Platforms.Build.0 = Release|x86
		{92E4CB4C-98B0-40CD-B851-CCF6E2577F13}.Release|x64.ActiveCfg = Release|x86
		{92E4CB4C-98B0-40CD-B851-CCF6E2577F13}.Release|x86.ActiveCfg = Release|x86
		{92E4CB4C-98B0-40CD-B851-CCF6E2577F13}.Release|x86.Build.0 = Release|x86
		{92E4CB4C-98B0-40CD-B851-CCF6E2577F13}.Retail|Any CPU.ActiveCfg = Release|x86
		{92E4CB4C-98B0-40CD-B851-CCF6E2577F13}.Retail|Any CPU.Build.0 = Release|x86
		{92E4CB4C-98B0-40CD-B851-CCF6E2577F13}.Retail|Mixed Platforms.ActiveCfg = Release|x86
		{92E4CB4C-98B0-40CD-B851-CCF6E2577F13}.Retail|Mixed Platforms.Build.0 = Release|x86
		{92E4CB4C-98B0-40CD-B851-CCF6E2577F13}.Retail|x64.ActiveCfg = Release|x86
		{92E4CB4C-98B0-40CD-B851-CCF6E2577F13}.Retail|x64.Build.0 = Release|x86
		{92E4CB4C-98B0-40CD-B851-CCF6E2577F13}.Retail|x86.ActiveCfg = Release|x86
		{92E4CB4C-98B0-40CD-B851-CCF6E2577F13}.Retail|x86.Build.0 = Release|x86
		{92E4CB4C-98B0-40CD-B851-CCF6E2577F13}.Setup|Any CPU.ActiveCfg = Release|x86
		{92E4CB4C-98B0-40CD-B851-CCF6E2577F13}.Setup|Any CPU.Build.0 = Release|x86
		{92E4CB4C-98B0-40CD-B851-CCF6E2577F13}.Setup|Mixed Platforms.ActiveCfg = Release|x86
		{92E4CB4C-98B0-40CD-B851-CCF6E2577F13}.Setup|Mixed Platforms.Build.0 = Release|x86
		{92E4CB4C-98B0-40CD-B851-CCF6E2577F13}.Setup|x64.ActiveCfg = Release|x86
		{92E4CB4C-98B0-40CD-B851-CCF6E2577F13}.Setup|x64.Build.0 = Release|x86
		{92E4CB4C-98B0-40CD-B851-CCF6E2577F13}.Setup|x86.ActiveCfg = Release|x86
		{92E4CB4C-98B0-40CD-B851-CCF6E2577F13}.Setup|x86.Build.0 = Release|x86
		{92E4CB4C-98B0-40CD-B851-CCF6E2577F13}.Surface Graph Viewer - Debug|Any CPU.ActiveCfg = Release|x86
		{92E4CB4C-98B0-40CD-B851-CCF6E2577F13}.Surface Graph Viewer - Debug|Any CPU.Build.0 = Release|x86
		{92E4CB4C-98B0-40CD-B851-CCF6E2577F13}.Surface Graph Viewer - Debug|Mixed Platforms.ActiveCfg = Debug|x86
		{92E4CB4C-98B0-40CD-B851-CCF6E2577F13}.Surface Graph Viewer - Debug|Mixed Platforms.Build.0 = Debug|x86
		{92E4CB4C-98B0-40CD-B851-CCF6E2577F13}.Surface Graph Viewer - Debug|x64.ActiveCfg = Release|x86
		{92E4CB4C-98B0-40CD-B851-CCF6E2577F13}.Surface Graph Viewer - Debug|x64.Build.0 = Release|x86
		{92E4CB4C-98B0-40CD-B851-CCF6E2577F13}.Surface Graph Viewer - Debug|x86.ActiveCfg = Debug|x86
		{92E4CB4C-98B0-40CD-B851-CCF6E2577F13}.Surface Graph Viewer - Debug|x86.Build.0 = Debug|x86
		{92E4CB4C-98B0-40CD-B851-CCF6E2577F13}.Surface Graph Viewer - Release|Any CPU.ActiveCfg = Release|x86
		{92E4CB4C-98B0-40CD-B851-CCF6E2577F13}.Surface Graph Viewer - Release|Any CPU.Build.0 = Release|x86
		{92E4CB4C-98B0-40CD-B851-CCF6E2577F13}.Surface Graph Viewer - Release|Mixed Platforms.ActiveCfg = Release|x86
		{92E4CB4C-98B0-40CD-B851-CCF6E2577F13}.Surface Graph Viewer - Release|Mixed Platforms.Build.0 = Release|x86
		{92E4CB4C-98B0-40CD-B851-CCF6E2577F13}.Surface Graph Viewer - Release|x64.ActiveCfg = Release|x86
		{92E4CB4C-98B0-40CD-B851-CCF6E2577F13}.Surface Graph Viewer - Release|x64.Build.0 = Release|x86
		{92E4CB4C-98B0-40CD-B851-CCF6E2577F13}.Surface Graph Viewer - Release|x86.ActiveCfg = Release|x86
		{92E4CB4C-98B0-40CD-B851-CCF6E2577F13}.Surface Graph Viewer - Release|x86.Build.0 = Release|x86
		{724B9CA9-D6F5-44BC-85D3-62ED2A6D3F40}.CutRelease|Any CPU.ActiveCfg = Release|Any CPU
		{724B9CA9-D6F5-44BC-85D3-62ED2A6D3F40}.CutRelease|Any CPU.Build.0 = Release|Any CPU
		{724B9CA9-D6F5-44BC-85D3-62ED2A6D3F40}.CutRelease|Mixed Platforms.ActiveCfg = Release|Any CPU
		{724B9CA9-D6F5-44BC-85D3-62ED2A6D3F40}.CutRelease|Mixed Platforms.Build.0 = Release|Any CPU
		{724B9CA9-D6F5-44BC-85D3-62ED2A6D3F40}.CutRelease|x64.ActiveCfg = Release|Any CPU
		{724B9CA9-D6F5-44BC-85D3-62ED2A6D3F40}.CutRelease|x64.Build.0 = Release|Any CPU
		{724B9CA9-D6F5-44BC-85D3-62ED2A6D3F40}.CutRelease|x86.ActiveCfg = Release|Any CPU
		{724B9CA9-D6F5-44BC-85D3-62ED2A6D3F40}.CutRelease|x86.Build.0 = Release|Any CPU
		{724B9CA9-D6F5-44BC-85D3-62ED2A6D3F40}.Debug Surface Graph Viewer|Any CPU.ActiveCfg = Debug|Any CPU
		{724B9CA9-D6F5-44BC-85D3-62ED2A6D3F40}.Debug Surface Graph Viewer|Any CPU.Build.0 = Debug|Any CPU
		{724B9CA9-D6F5-44BC-85D3-62ED2A6D3F40}.Debug Surface Graph Viewer|Mixed Platforms.ActiveCfg = Debug|Any CPU
		{724B9CA9-D6F5-44BC-85D3-62ED2A6D3F40}.Debug Surface Graph Viewer|Mixed Platforms.Build.0 = Debug|Any CPU
		{724B9CA9-D6F5-44BC-85D3-62ED2A6D3F40}.Debug Surface Graph Viewer|x64.ActiveCfg = Debug|Any CPU
		{724B9CA9-D6F5-44BC-85D3-62ED2A6D3F40}.Debug Surface Graph Viewer|x64.Build.0 = Debug|Any CPU
		{724B9CA9-D6F5-44BC-85D3-62ED2A6D3F40}.Debug Surface Graph Viewer|x86.ActiveCfg = Debug|Any CPU
		{724B9CA9-D6F5-44BC-85D3-62ED2A6D3F40}.Debug Surface Graph Viewer|x86.Build.0 = Debug|Any CPU
		{724B9CA9-D6F5-44BC-85D3-62ED2A6D3F40}.Debug|Any CPU.ActiveCfg = Debug|Any CPU
		{724B9CA9-D6F5-44BC-85D3-62ED2A6D3F40}.Debug|Any CPU.Build.0 = Debug|Any CPU
		{724B9CA9-D6F5-44BC-85D3-62ED2A6D3F40}.Debug|Mixed Platforms.ActiveCfg = Debug|Any CPU
		{724B9CA9-D6F5-44BC-85D3-62ED2A6D3F40}.Debug|Mixed Platforms.Build.0 = Debug|Any CPU
		{724B9CA9-D6F5-44BC-85D3-62ED2A6D3F40}.Debug|x64.ActiveCfg = Debug|Any CPU
		{724B9CA9-D6F5-44BC-85D3-62ED2A6D3F40}.Debug|x64.Build.0 = Debug|Any CPU
		{724B9CA9-D6F5-44BC-85D3-62ED2A6D3F40}.Debug|x86.ActiveCfg = Debug|Any CPU
		{724B9CA9-D6F5-44BC-85D3-62ED2A6D3F40}.DebugDevTrace|Any CPU.ActiveCfg = Debug|Any CPU
		{724B9CA9-D6F5-44BC-85D3-62ED2A6D3F40}.DebugDevTrace|Any CPU.Build.0 = Debug|Any CPU
		{724B9CA9-D6F5-44BC-85D3-62ED2A6D3F40}.DebugDevTrace|Mixed Platforms.ActiveCfg = Debug|Any CPU
		{724B9CA9-D6F5-44BC-85D3-62ED2A6D3F40}.DebugDevTrace|Mixed Platforms.Build.0 = Debug|Any CPU
		{724B9CA9-D6F5-44BC-85D3-62ED2A6D3F40}.DebugDevTrace|x64.ActiveCfg = Debug|Any CPU
		{724B9CA9-D6F5-44BC-85D3-62ED2A6D3F40}.DebugDevTrace|x64.Build.0 = Debug|Any CPU
		{724B9CA9-D6F5-44BC-85D3-62ED2A6D3F40}.DebugDevTrace|x86.ActiveCfg = Debug|Any CPU
		{724B9CA9-D6F5-44BC-85D3-62ED2A6D3F40}.DebugDevTrace|x86.Build.0 = Debug|Any CPU
		{724B9CA9-D6F5-44BC-85D3-62ED2A6D3F40}.DebugSurface|Any CPU.ActiveCfg = Debug|Any CPU
		{724B9CA9-D6F5-44BC-85D3-62ED2A6D3F40}.DebugSurface|Any CPU.Build.0 = Debug|Any CPU
		{724B9CA9-D6F5-44BC-85D3-62ED2A6D3F40}.DebugSurface|Mixed Platforms.ActiveCfg = Debug|Any CPU
		{724B9CA9-D6F5-44BC-85D3-62ED2A6D3F40}.DebugSurface|Mixed Platforms.Build.0 = Debug|Any CPU
		{724B9CA9-D6F5-44BC-85D3-62ED2A6D3F40}.DebugSurface|x64.ActiveCfg = Debug|Any CPU
		{724B9CA9-D6F5-44BC-85D3-62ED2A6D3F40}.DebugSurface|x64.Build.0 = Debug|Any CPU
		{724B9CA9-D6F5-44BC-85D3-62ED2A6D3F40}.DebugSurface|x86.ActiveCfg = Debug|Any CPU
		{724B9CA9-D6F5-44BC-85D3-62ED2A6D3F40}.DebugSurface|x86.Build.0 = Debug|Any CPU
		{724B9CA9-D6F5-44BC-85D3-62ED2A6D3F40}.DebugWithoutRebuild|Any CPU.ActiveCfg = Debug|Any CPU
		{724B9CA9-D6F5-44BC-85D3-62ED2A6D3F40}.DebugWithoutRebuild|Any CPU.Build.0 = Debug|Any CPU
		{724B9CA9-D6F5-44BC-85D3-62ED2A6D3F40}.DebugWithoutRebuild|Mixed Platforms.ActiveCfg = Debug|Any CPU
		{724B9CA9-D6F5-44BC-85D3-62ED2A6D3F40}.DebugWithoutRebuild|Mixed Platforms.Build.0 = Debug|Any CPU
		{724B9CA9-D6F5-44BC-85D3-62ED2A6D3F40}.DebugWithoutRebuild|x64.ActiveCfg = Debug|Any CPU
		{724B9CA9-D6F5-44BC-85D3-62ED2A6D3F40}.DebugWithoutRebuild|x64.Build.0 = Debug|Any CPU
		{724B9CA9-D6F5-44BC-85D3-62ED2A6D3F40}.DebugWithoutRebuild|x86.ActiveCfg = Debug|Any CPU
		{724B9CA9-D6F5-44BC-85D3-62ED2A6D3F40}.DebugWithoutRebuild|x86.Build.0 = Debug|Any CPU
		{724B9CA9-D6F5-44BC-85D3-62ED2A6D3F40}.MinimalMsagl|Any CPU.ActiveCfg = Release|Any CPU
		{724B9CA9-D6F5-44BC-85D3-62ED2A6D3F40}.MinimalMsagl|Any CPU.Build.0 = Release|Any CPU
		{724B9CA9-D6F5-44BC-85D3-62ED2A6D3F40}.MinimalMsagl|Mixed Platforms.ActiveCfg = Release|Any CPU
		{724B9CA9-D6F5-44BC-85D3-62ED2A6D3F40}.MinimalMsagl|Mixed Platforms.Build.0 = Release|Any CPU
		{724B9CA9-D6F5-44BC-85D3-62ED2A6D3F40}.MinimalMsagl|x64.ActiveCfg = Release|Any CPU
		{724B9CA9-D6F5-44BC-85D3-62ED2A6D3F40}.MinimalMsagl|x64.Build.0 = Release|Any CPU
		{724B9CA9-D6F5-44BC-85D3-62ED2A6D3F40}.MinimalMsagl|x86.ActiveCfg = Release|Any CPU
		{724B9CA9-D6F5-44BC-85D3-62ED2A6D3F40}.MinimalMsagl|x86.Build.0 = Release|Any CPU
		{724B9CA9-D6F5-44BC-85D3-62ED2A6D3F40}.MonoDebug|Any CPU.ActiveCfg = Debug|Any CPU
		{724B9CA9-D6F5-44BC-85D3-62ED2A6D3F40}.MonoDebug|Any CPU.Build.0 = Debug|Any CPU
		{724B9CA9-D6F5-44BC-85D3-62ED2A6D3F40}.MonoDebug|Mixed Platforms.ActiveCfg = Debug|Any CPU
		{724B9CA9-D6F5-44BC-85D3-62ED2A6D3F40}.MonoDebug|Mixed Platforms.Build.0 = Debug|Any CPU
		{724B9CA9-D6F5-44BC-85D3-62ED2A6D3F40}.MonoDebug|x64.ActiveCfg = Debug|Any CPU
		{724B9CA9-D6F5-44BC-85D3-62ED2A6D3F40}.MonoDebug|x64.Build.0 = Debug|Any CPU
		{724B9CA9-D6F5-44BC-85D3-62ED2A6D3F40}.MonoDebug|x86.ActiveCfg = Debug|Any CPU
		{724B9CA9-D6F5-44BC-85D3-62ED2A6D3F40}.MonoDebug|x86.Build.0 = Debug|Any CPU
		{724B9CA9-D6F5-44BC-85D3-62ED2A6D3F40}.MonoRelease|Any CPU.ActiveCfg = Release|Any CPU
		{724B9CA9-D6F5-44BC-85D3-62ED2A6D3F40}.MonoRelease|Any CPU.Build.0 = Release|Any CPU
		{724B9CA9-D6F5-44BC-85D3-62ED2A6D3F40}.MonoRelease|Mixed Platforms.ActiveCfg = Release|Any CPU
		{724B9CA9-D6F5-44BC-85D3-62ED2A6D3F40}.MonoRelease|Mixed Platforms.Build.0 = Release|Any CPU
		{724B9CA9-D6F5-44BC-85D3-62ED2A6D3F40}.MonoRelease|x64.ActiveCfg = Release|Any CPU
		{724B9CA9-D6F5-44BC-85D3-62ED2A6D3F40}.MonoRelease|x64.Build.0 = Release|Any CPU
		{724B9CA9-D6F5-44BC-85D3-62ED2A6D3F40}.MonoRelease|x86.ActiveCfg = Release|Any CPU
		{724B9CA9-D6F5-44BC-85D3-62ED2A6D3F40}.MonoRelease|x86.Build.0 = Release|Any CPU
		{724B9CA9-D6F5-44BC-85D3-62ED2A6D3F40}.Release|Any CPU.ActiveCfg = Release|Any CPU
		{724B9CA9-D6F5-44BC-85D3-62ED2A6D3F40}.Release|Any CPU.Build.0 = Release|Any CPU
		{724B9CA9-D6F5-44BC-85D3-62ED2A6D3F40}.Release|Mixed Platforms.ActiveCfg = Release|Any CPU
		{724B9CA9-D6F5-44BC-85D3-62ED2A6D3F40}.Release|Mixed Platforms.Build.0 = Release|Any CPU
		{724B9CA9-D6F5-44BC-85D3-62ED2A6D3F40}.Release|x64.ActiveCfg = Release|Any CPU
		{724B9CA9-D6F5-44BC-85D3-62ED2A6D3F40}.Release|x64.Build.0 = Release|Any CPU
		{724B9CA9-D6F5-44BC-85D3-62ED2A6D3F40}.Release|x86.ActiveCfg = Release|Any CPU
		{724B9CA9-D6F5-44BC-85D3-62ED2A6D3F40}.Retail|Any CPU.ActiveCfg = Release|Any CPU
		{724B9CA9-D6F5-44BC-85D3-62ED2A6D3F40}.Retail|Any CPU.Build.0 = Release|Any CPU
		{724B9CA9-D6F5-44BC-85D3-62ED2A6D3F40}.Retail|Mixed Platforms.ActiveCfg = Release|Any CPU
		{724B9CA9-D6F5-44BC-85D3-62ED2A6D3F40}.Retail|Mixed Platforms.Build.0 = Release|Any CPU
		{724B9CA9-D6F5-44BC-85D3-62ED2A6D3F40}.Retail|x64.ActiveCfg = Release|Any CPU
		{724B9CA9-D6F5-44BC-85D3-62ED2A6D3F40}.Retail|x64.Build.0 = Release|Any CPU
		{724B9CA9-D6F5-44BC-85D3-62ED2A6D3F40}.Retail|x86.ActiveCfg = Release|Any CPU
		{724B9CA9-D6F5-44BC-85D3-62ED2A6D3F40}.Retail|x86.Build.0 = Release|Any CPU
		{724B9CA9-D6F5-44BC-85D3-62ED2A6D3F40}.Setup|Any CPU.ActiveCfg = Release|Any CPU
		{724B9CA9-D6F5-44BC-85D3-62ED2A6D3F40}.Setup|Any CPU.Build.0 = Release|Any CPU
		{724B9CA9-D6F5-44BC-85D3-62ED2A6D3F40}.Setup|Mixed Platforms.ActiveCfg = Release|Any CPU
		{724B9CA9-D6F5-44BC-85D3-62ED2A6D3F40}.Setup|Mixed Platforms.Build.0 = Release|Any CPU
		{724B9CA9-D6F5-44BC-85D3-62ED2A6D3F40}.Setup|x64.ActiveCfg = Release|Any CPU
		{724B9CA9-D6F5-44BC-85D3-62ED2A6D3F40}.Setup|x64.Build.0 = Release|Any CPU
		{724B9CA9-D6F5-44BC-85D3-62ED2A6D3F40}.Setup|x86.ActiveCfg = Release|Any CPU
		{724B9CA9-D6F5-44BC-85D3-62ED2A6D3F40}.Setup|x86.Build.0 = Release|Any CPU
		{724B9CA9-D6F5-44BC-85D3-62ED2A6D3F40}.Surface Graph Viewer - Debug|Any CPU.ActiveCfg = Debug|Any CPU
		{724B9CA9-D6F5-44BC-85D3-62ED2A6D3F40}.Surface Graph Viewer - Debug|Any CPU.Build.0 = Debug|Any CPU
		{724B9CA9-D6F5-44BC-85D3-62ED2A6D3F40}.Surface Graph Viewer - Debug|Mixed Platforms.ActiveCfg = Debug|Any CPU
		{724B9CA9-D6F5-44BC-85D3-62ED2A6D3F40}.Surface Graph Viewer - Debug|Mixed Platforms.Build.0 = Debug|Any CPU
		{724B9CA9-D6F5-44BC-85D3-62ED2A6D3F40}.Surface Graph Viewer - Debug|x64.ActiveCfg = Debug|Any CPU
		{724B9CA9-D6F5-44BC-85D3-62ED2A6D3F40}.Surface Graph Viewer - Debug|x64.Build.0 = Debug|Any CPU
		{724B9CA9-D6F5-44BC-85D3-62ED2A6D3F40}.Surface Graph Viewer - Debug|x86.ActiveCfg = Debug|Any CPU
		{724B9CA9-D6F5-44BC-85D3-62ED2A6D3F40}.Surface Graph Viewer - Debug|x86.Build.0 = Debug|Any CPU
		{724B9CA9-D6F5-44BC-85D3-62ED2A6D3F40}.Surface Graph Viewer - Release|Any CPU.ActiveCfg = Release|Any CPU
		{724B9CA9-D6F5-44BC-85D3-62ED2A6D3F40}.Surface Graph Viewer - Release|Any CPU.Build.0 = Release|Any CPU
		{724B9CA9-D6F5-44BC-85D3-62ED2A6D3F40}.Surface Graph Viewer - Release|Mixed Platforms.ActiveCfg = Release|Any CPU
		{724B9CA9-D6F5-44BC-85D3-62ED2A6D3F40}.Surface Graph Viewer - Release|Mixed Platforms.Build.0 = Release|Any CPU
		{724B9CA9-D6F5-44BC-85D3-62ED2A6D3F40}.Surface Graph Viewer - Release|x64.ActiveCfg = Release|Any CPU
		{724B9CA9-D6F5-44BC-85D3-62ED2A6D3F40}.Surface Graph Viewer - Release|x64.Build.0 = Release|Any CPU
		{724B9CA9-D6F5-44BC-85D3-62ED2A6D3F40}.Surface Graph Viewer - Release|x86.ActiveCfg = Release|Any CPU
		{724B9CA9-D6F5-44BC-85D3-62ED2A6D3F40}.Surface Graph Viewer - Release|x86.Build.0 = Release|Any CPU
		{ABA04EBE-36B2-469D-A025-16BA6131818E}.CutRelease|Any CPU.ActiveCfg = Release|Any CPU
		{ABA04EBE-36B2-469D-A025-16BA6131818E}.CutRelease|Any CPU.Build.0 = Release|Any CPU
		{ABA04EBE-36B2-469D-A025-16BA6131818E}.CutRelease|Mixed Platforms.ActiveCfg = Release|Any CPU
		{ABA04EBE-36B2-469D-A025-16BA6131818E}.CutRelease|Mixed Platforms.Build.0 = Release|Any CPU
		{ABA04EBE-36B2-469D-A025-16BA6131818E}.CutRelease|x64.ActiveCfg = Release|Any CPU
		{ABA04EBE-36B2-469D-A025-16BA6131818E}.CutRelease|x64.Build.0 = Release|Any CPU
		{ABA04EBE-36B2-469D-A025-16BA6131818E}.CutRelease|x86.ActiveCfg = Release|Any CPU
		{ABA04EBE-36B2-469D-A025-16BA6131818E}.CutRelease|x86.Build.0 = Release|Any CPU
		{ABA04EBE-36B2-469D-A025-16BA6131818E}.Debug Surface Graph Viewer|Any CPU.ActiveCfg = Debug|Any CPU
		{ABA04EBE-36B2-469D-A025-16BA6131818E}.Debug Surface Graph Viewer|Any CPU.Build.0 = Debug|Any CPU
		{ABA04EBE-36B2-469D-A025-16BA6131818E}.Debug Surface Graph Viewer|Mixed Platforms.ActiveCfg = Debug|Any CPU
		{ABA04EBE-36B2-469D-A025-16BA6131818E}.Debug Surface Graph Viewer|Mixed Platforms.Build.0 = Debug|Any CPU
		{ABA04EBE-36B2-469D-A025-16BA6131818E}.Debug Surface Graph Viewer|x64.ActiveCfg = Debug|Any CPU
		{ABA04EBE-36B2-469D-A025-16BA6131818E}.Debug Surface Graph Viewer|x64.Build.0 = Debug|Any CPU
		{ABA04EBE-36B2-469D-A025-16BA6131818E}.Debug Surface Graph Viewer|x86.ActiveCfg = Debug|Any CPU
		{ABA04EBE-36B2-469D-A025-16BA6131818E}.Debug Surface Graph Viewer|x86.Build.0 = Debug|Any CPU
		{ABA04EBE-36B2-469D-A025-16BA6131818E}.Debug|Any CPU.ActiveCfg = Debug|Any CPU
		{ABA04EBE-36B2-469D-A025-16BA6131818E}.Debug|Any CPU.Build.0 = Debug|Any CPU
		{ABA04EBE-36B2-469D-A025-16BA6131818E}.Debug|Mixed Platforms.ActiveCfg = Debug|Any CPU
		{ABA04EBE-36B2-469D-A025-16BA6131818E}.Debug|Mixed Platforms.Build.0 = Debug|Any CPU
		{ABA04EBE-36B2-469D-A025-16BA6131818E}.Debug|x64.ActiveCfg = Debug|Any CPU
		{ABA04EBE-36B2-469D-A025-16BA6131818E}.Debug|x64.Build.0 = Debug|Any CPU
		{ABA04EBE-36B2-469D-A025-16BA6131818E}.Debug|x86.ActiveCfg = Debug|Any CPU
		{ABA04EBE-36B2-469D-A025-16BA6131818E}.Debug|x86.Build.0 = Debug|Any CPU
		{ABA04EBE-36B2-469D-A025-16BA6131818E}.DebugDevTrace|Any CPU.ActiveCfg = Debug|Any CPU
		{ABA04EBE-36B2-469D-A025-16BA6131818E}.DebugDevTrace|Any CPU.Build.0 = Debug|Any CPU
		{ABA04EBE-36B2-469D-A025-16BA6131818E}.DebugDevTrace|Mixed Platforms.ActiveCfg = Debug|Any CPU
		{ABA04EBE-36B2-469D-A025-16BA6131818E}.DebugDevTrace|Mixed Platforms.Build.0 = Debug|Any CPU
		{ABA04EBE-36B2-469D-A025-16BA6131818E}.DebugDevTrace|x64.ActiveCfg = Debug|Any CPU
		{ABA04EBE-36B2-469D-A025-16BA6131818E}.DebugDevTrace|x64.Build.0 = Debug|Any CPU
		{ABA04EBE-36B2-469D-A025-16BA6131818E}.DebugDevTrace|x86.ActiveCfg = Debug|Any CPU
		{ABA04EBE-36B2-469D-A025-16BA6131818E}.DebugDevTrace|x86.Build.0 = Debug|Any CPU
		{ABA04EBE-36B2-469D-A025-16BA6131818E}.DebugSurface|Any CPU.ActiveCfg = Debug|Any CPU
		{ABA04EBE-36B2-469D-A025-16BA6131818E}.DebugSurface|Any CPU.Build.0 = Debug|Any CPU
		{ABA04EBE-36B2-469D-A025-16BA6131818E}.DebugSurface|Mixed Platforms.ActiveCfg = Debug|Any CPU
		{ABA04EBE-36B2-469D-A025-16BA6131818E}.DebugSurface|Mixed Platforms.Build.0 = Debug|Any CPU
		{ABA04EBE-36B2-469D-A025-16BA6131818E}.DebugSurface|x64.ActiveCfg = Debug|Any CPU
		{ABA04EBE-36B2-469D-A025-16BA6131818E}.DebugSurface|x64.Build.0 = Debug|Any CPU
		{ABA04EBE-36B2-469D-A025-16BA6131818E}.DebugSurface|x86.ActiveCfg = Debug|Any CPU
		{ABA04EBE-36B2-469D-A025-16BA6131818E}.DebugSurface|x86.Build.0 = Debug|Any CPU
		{ABA04EBE-36B2-469D-A025-16BA6131818E}.DebugWithoutRebuild|Any CPU.ActiveCfg = Debug|Any CPU
		{ABA04EBE-36B2-469D-A025-16BA6131818E}.DebugWithoutRebuild|Any CPU.Build.0 = Debug|Any CPU
		{ABA04EBE-36B2-469D-A025-16BA6131818E}.DebugWithoutRebuild|Mixed Platforms.ActiveCfg = Debug|Any CPU
		{ABA04EBE-36B2-469D-A025-16BA6131818E}.DebugWithoutRebuild|Mixed Platforms.Build.0 = Debug|Any CPU
		{ABA04EBE-36B2-469D-A025-16BA6131818E}.DebugWithoutRebuild|x64.ActiveCfg = Debug|Any CPU
		{ABA04EBE-36B2-469D-A025-16BA6131818E}.DebugWithoutRebuild|x64.Build.0 = Debug|Any CPU
		{ABA04EBE-36B2-469D-A025-16BA6131818E}.DebugWithoutRebuild|x86.ActiveCfg = Debug|Any CPU
		{ABA04EBE-36B2-469D-A025-16BA6131818E}.DebugWithoutRebuild|x86.Build.0 = Debug|Any CPU
		{ABA04EBE-36B2-469D-A025-16BA6131818E}.MinimalMsagl|Any CPU.ActiveCfg = MonoRelease|Any CPU
		{ABA04EBE-36B2-469D-A025-16BA6131818E}.MinimalMsagl|Any CPU.Build.0 = MonoRelease|Any CPU
		{ABA04EBE-36B2-469D-A025-16BA6131818E}.MinimalMsagl|Mixed Platforms.ActiveCfg = MonoRelease|Any CPU
		{ABA04EBE-36B2-469D-A025-16BA6131818E}.MinimalMsagl|Mixed Platforms.Build.0 = MonoRelease|Any CPU
		{ABA04EBE-36B2-469D-A025-16BA6131818E}.MinimalMsagl|x64.ActiveCfg = MonoRelease|Any CPU
		{ABA04EBE-36B2-469D-A025-16BA6131818E}.MinimalMsagl|x64.Build.0 = MonoRelease|Any CPU
		{ABA04EBE-36B2-469D-A025-16BA6131818E}.MinimalMsagl|x86.ActiveCfg = MonoRelease|Any CPU
		{ABA04EBE-36B2-469D-A025-16BA6131818E}.MinimalMsagl|x86.Build.0 = MonoRelease|Any CPU
		{ABA04EBE-36B2-469D-A025-16BA6131818E}.MonoDebug|Any CPU.ActiveCfg = MonoDebug|Any CPU
		{ABA04EBE-36B2-469D-A025-16BA6131818E}.MonoDebug|Any CPU.Build.0 = MonoDebug|Any CPU
		{ABA04EBE-36B2-469D-A025-16BA6131818E}.MonoDebug|Mixed Platforms.ActiveCfg = MonoDebug|Any CPU
		{ABA04EBE-36B2-469D-A025-16BA6131818E}.MonoDebug|Mixed Platforms.Build.0 = MonoDebug|Any CPU
		{ABA04EBE-36B2-469D-A025-16BA6131818E}.MonoDebug|x64.ActiveCfg = MonoDebug|Any CPU
		{ABA04EBE-36B2-469D-A025-16BA6131818E}.MonoDebug|x64.Build.0 = MonoDebug|Any CPU
		{ABA04EBE-36B2-469D-A025-16BA6131818E}.MonoDebug|x86.ActiveCfg = MonoDebug|Any CPU
		{ABA04EBE-36B2-469D-A025-16BA6131818E}.MonoDebug|x86.Build.0 = MonoDebug|Any CPU
		{ABA04EBE-36B2-469D-A025-16BA6131818E}.MonoRelease|Any CPU.ActiveCfg = MonoRelease|Any CPU
		{ABA04EBE-36B2-469D-A025-16BA6131818E}.MonoRelease|Any CPU.Build.0 = MonoRelease|Any CPU
		{ABA04EBE-36B2-469D-A025-16BA6131818E}.MonoRelease|Mixed Platforms.ActiveCfg = MonoRelease|Any CPU
		{ABA04EBE-36B2-469D-A025-16BA6131818E}.MonoRelease|Mixed Platforms.Build.0 = MonoRelease|Any CPU
		{ABA04EBE-36B2-469D-A025-16BA6131818E}.MonoRelease|x64.ActiveCfg = MonoRelease|Any CPU
		{ABA04EBE-36B2-469D-A025-16BA6131818E}.MonoRelease|x64.Build.0 = MonoRelease|Any CPU
		{ABA04EBE-36B2-469D-A025-16BA6131818E}.MonoRelease|x86.ActiveCfg = MonoRelease|Any CPU
		{ABA04EBE-36B2-469D-A025-16BA6131818E}.MonoRelease|x86.Build.0 = MonoRelease|Any CPU
		{ABA04EBE-36B2-469D-A025-16BA6131818E}.Release|Any CPU.ActiveCfg = Release|Any CPU
		{ABA04EBE-36B2-469D-A025-16BA6131818E}.Release|Any CPU.Build.0 = Release|Any CPU
		{ABA04EBE-36B2-469D-A025-16BA6131818E}.Release|Mixed Platforms.ActiveCfg = Release|Any CPU
		{ABA04EBE-36B2-469D-A025-16BA6131818E}.Release|Mixed Platforms.Build.0 = Release|Any CPU
		{ABA04EBE-36B2-469D-A025-16BA6131818E}.Release|x64.ActiveCfg = Release|Any CPU
		{ABA04EBE-36B2-469D-A025-16BA6131818E}.Release|x64.Build.0 = Release|Any CPU
		{ABA04EBE-36B2-469D-A025-16BA6131818E}.Release|x86.ActiveCfg = Release|Any CPU
		{ABA04EBE-36B2-469D-A025-16BA6131818E}.Release|x86.Build.0 = Release|Any CPU
		{ABA04EBE-36B2-469D-A025-16BA6131818E}.Retail|Any CPU.ActiveCfg = Release|Any CPU
		{ABA04EBE-36B2-469D-A025-16BA6131818E}.Retail|Any CPU.Build.0 = Release|Any CPU
		{ABA04EBE-36B2-469D-A025-16BA6131818E}.Retail|Mixed Platforms.ActiveCfg = Release|Any CPU
		{ABA04EBE-36B2-469D-A025-16BA6131818E}.Retail|Mixed Platforms.Build.0 = Release|Any CPU
		{ABA04EBE-36B2-469D-A025-16BA6131818E}.Retail|x64.ActiveCfg = Release|Any CPU
		{ABA04EBE-36B2-469D-A025-16BA6131818E}.Retail|x64.Build.0 = Release|Any CPU
		{ABA04EBE-36B2-469D-A025-16BA6131818E}.Retail|x86.ActiveCfg = Release|Any CPU
		{ABA04EBE-36B2-469D-A025-16BA6131818E}.Retail|x86.Build.0 = Release|Any CPU
		{ABA04EBE-36B2-469D-A025-16BA6131818E}.Setup|Any CPU.ActiveCfg = Release|Any CPU
		{ABA04EBE-36B2-469D-A025-16BA6131818E}.Setup|Any CPU.Build.0 = Release|Any CPU
		{ABA04EBE-36B2-469D-A025-16BA6131818E}.Setup|Mixed Platforms.ActiveCfg = Release|Any CPU
		{ABA04EBE-36B2-469D-A025-16BA6131818E}.Setup|Mixed Platforms.Build.0 = Release|Any CPU
		{ABA04EBE-36B2-469D-A025-16BA6131818E}.Setup|x64.ActiveCfg = Release|Any CPU
		{ABA04EBE-36B2-469D-A025-16BA6131818E}.Setup|x64.Build.0 = Release|Any CPU
		{ABA04EBE-36B2-469D-A025-16BA6131818E}.Setup|x86.ActiveCfg = Release|Any CPU
		{ABA04EBE-36B2-469D-A025-16BA6131818E}.Setup|x86.Build.0 = Release|Any CPU
		{ABA04EBE-36B2-469D-A025-16BA6131818E}.Surface Graph Viewer - Debug|Any CPU.ActiveCfg = Debug|Any CPU
		{ABA04EBE-36B2-469D-A025-16BA6131818E}.Surface Graph Viewer - Debug|Any CPU.Build.0 = Debug|Any CPU
		{ABA04EBE-36B2-469D-A025-16BA6131818E}.Surface Graph Viewer - Debug|Mixed Platforms.ActiveCfg = Debug|Any CPU
		{ABA04EBE-36B2-469D-A025-16BA6131818E}.Surface Graph Viewer - Debug|Mixed Platforms.Build.0 = Debug|Any CPU
		{ABA04EBE-36B2-469D-A025-16BA6131818E}.Surface Graph Viewer - Debug|x64.ActiveCfg = Debug|Any CPU
		{ABA04EBE-36B2-469D-A025-16BA6131818E}.Surface Graph Viewer - Debug|x64.Build.0 = Debug|Any CPU
		{ABA04EBE-36B2-469D-A025-16BA6131818E}.Surface Graph Viewer - Debug|x86.ActiveCfg = Debug|Any CPU
		{ABA04EBE-36B2-469D-A025-16BA6131818E}.Surface Graph Viewer - Debug|x86.Build.0 = Debug|Any CPU
		{ABA04EBE-36B2-469D-A025-16BA6131818E}.Surface Graph Viewer - Release|Any CPU.ActiveCfg = Release|Any CPU
		{ABA04EBE-36B2-469D-A025-16BA6131818E}.Surface Graph Viewer - Release|Any CPU.Build.0 = Release|Any CPU
		{ABA04EBE-36B2-469D-A025-16BA6131818E}.Surface Graph Viewer - Release|Mixed Platforms.ActiveCfg = Release|Any CPU
		{ABA04EBE-36B2-469D-A025-16BA6131818E}.Surface Graph Viewer - Release|Mixed Platforms.Build.0 = Release|Any CPU
		{ABA04EBE-36B2-469D-A025-16BA6131818E}.Surface Graph Viewer - Release|x64.ActiveCfg = Release|Any CPU
		{ABA04EBE-36B2-469D-A025-16BA6131818E}.Surface Graph Viewer - Release|x64.Build.0 = Release|Any CPU
		{ABA04EBE-36B2-469D-A025-16BA6131818E}.Surface Graph Viewer - Release|x86.ActiveCfg = Release|Any CPU
		{ABA04EBE-36B2-469D-A025-16BA6131818E}.Surface Graph Viewer - Release|x86.Build.0 = Release|Any CPU
		{415D3E3F-7105-46C1-84D2-7ECB34213D92}.CutRelease|Any CPU.ActiveCfg = Release|Any CPU
		{415D3E3F-7105-46C1-84D2-7ECB34213D92}.CutRelease|Any CPU.Build.0 = Release|Any CPU
		{415D3E3F-7105-46C1-84D2-7ECB34213D92}.CutRelease|Mixed Platforms.ActiveCfg = Release|x86
		{415D3E3F-7105-46C1-84D2-7ECB34213D92}.CutRelease|Mixed Platforms.Build.0 = Release|x86
		{415D3E3F-7105-46C1-84D2-7ECB34213D92}.CutRelease|x64.ActiveCfg = Release|x64
		{415D3E3F-7105-46C1-84D2-7ECB34213D92}.CutRelease|x64.Build.0 = Release|x64
		{415D3E3F-7105-46C1-84D2-7ECB34213D92}.CutRelease|x86.ActiveCfg = Release|x86
		{415D3E3F-7105-46C1-84D2-7ECB34213D92}.CutRelease|x86.Build.0 = Release|x86
		{415D3E3F-7105-46C1-84D2-7ECB34213D92}.Debug Surface Graph Viewer|Any CPU.ActiveCfg = DebugDevTrace|Any CPU
		{415D3E3F-7105-46C1-84D2-7ECB34213D92}.Debug Surface Graph Viewer|Any CPU.Build.0 = DebugDevTrace|Any CPU
		{415D3E3F-7105-46C1-84D2-7ECB34213D92}.Debug Surface Graph Viewer|Mixed Platforms.ActiveCfg = DebugDevTrace|x86
		{415D3E3F-7105-46C1-84D2-7ECB34213D92}.Debug Surface Graph Viewer|Mixed Platforms.Build.0 = DebugDevTrace|x86
		{415D3E3F-7105-46C1-84D2-7ECB34213D92}.Debug Surface Graph Viewer|x64.ActiveCfg = DebugDevTrace|x64
		{415D3E3F-7105-46C1-84D2-7ECB34213D92}.Debug Surface Graph Viewer|x64.Build.0 = DebugDevTrace|x64
		{415D3E3F-7105-46C1-84D2-7ECB34213D92}.Debug Surface Graph Viewer|x86.ActiveCfg = DebugDevTrace|x86
		{415D3E3F-7105-46C1-84D2-7ECB34213D92}.Debug Surface Graph Viewer|x86.Build.0 = DebugDevTrace|x86
		{415D3E3F-7105-46C1-84D2-7ECB34213D92}.Debug|Any CPU.ActiveCfg = Debug|Any CPU
		{415D3E3F-7105-46C1-84D2-7ECB34213D92}.Debug|Any CPU.Build.0 = Debug|Any CPU
		{415D3E3F-7105-46C1-84D2-7ECB34213D92}.Debug|Mixed Platforms.ActiveCfg = Debug|x86
		{415D3E3F-7105-46C1-84D2-7ECB34213D92}.Debug|Mixed Platforms.Build.0 = Debug|x86
		{415D3E3F-7105-46C1-84D2-7ECB34213D92}.Debug|x64.ActiveCfg = Debug|x64
		{415D3E3F-7105-46C1-84D2-7ECB34213D92}.Debug|x64.Build.0 = Debug|x64
		{415D3E3F-7105-46C1-84D2-7ECB34213D92}.Debug|x86.ActiveCfg = Debug|x86
		{415D3E3F-7105-46C1-84D2-7ECB34213D92}.Debug|x86.Build.0 = Debug|x86
		{415D3E3F-7105-46C1-84D2-7ECB34213D92}.DebugDevTrace|Any CPU.ActiveCfg = DebugDevTrace|Any CPU
		{415D3E3F-7105-46C1-84D2-7ECB34213D92}.DebugDevTrace|Any CPU.Build.0 = DebugDevTrace|Any CPU
		{415D3E3F-7105-46C1-84D2-7ECB34213D92}.DebugDevTrace|Mixed Platforms.ActiveCfg = DebugDevTrace|x86
		{415D3E3F-7105-46C1-84D2-7ECB34213D92}.DebugDevTrace|Mixed Platforms.Build.0 = DebugDevTrace|x86
		{415D3E3F-7105-46C1-84D2-7ECB34213D92}.DebugDevTrace|x64.ActiveCfg = DebugDevTrace|x64
		{415D3E3F-7105-46C1-84D2-7ECB34213D92}.DebugDevTrace|x64.Build.0 = DebugDevTrace|x64
		{415D3E3F-7105-46C1-84D2-7ECB34213D92}.DebugDevTrace|x86.ActiveCfg = DebugDevTrace|x86
		{415D3E3F-7105-46C1-84D2-7ECB34213D92}.DebugDevTrace|x86.Build.0 = DebugDevTrace|x86
		{415D3E3F-7105-46C1-84D2-7ECB34213D92}.DebugSurface|Any CPU.ActiveCfg = DebugDevTrace|Any CPU
		{415D3E3F-7105-46C1-84D2-7ECB34213D92}.DebugSurface|Any CPU.Build.0 = DebugDevTrace|Any CPU
		{415D3E3F-7105-46C1-84D2-7ECB34213D92}.DebugSurface|Mixed Platforms.ActiveCfg = DebugDevTrace|x86
		{415D3E3F-7105-46C1-84D2-7ECB34213D92}.DebugSurface|Mixed Platforms.Build.0 = DebugDevTrace|x86
		{415D3E3F-7105-46C1-84D2-7ECB34213D92}.DebugSurface|x64.ActiveCfg = DebugDevTrace|x64
		{415D3E3F-7105-46C1-84D2-7ECB34213D92}.DebugSurface|x64.Build.0 = DebugDevTrace|x64
		{415D3E3F-7105-46C1-84D2-7ECB34213D92}.DebugSurface|x86.ActiveCfg = DebugDevTrace|x86
		{415D3E3F-7105-46C1-84D2-7ECB34213D92}.DebugSurface|x86.Build.0 = DebugDevTrace|x86
		{415D3E3F-7105-46C1-84D2-7ECB34213D92}.DebugWithoutRebuild|Any CPU.ActiveCfg = DebugDevTrace|Any CPU
		{415D3E3F-7105-46C1-84D2-7ECB34213D92}.DebugWithoutRebuild|Any CPU.Build.0 = DebugDevTrace|Any CPU
		{415D3E3F-7105-46C1-84D2-7ECB34213D92}.DebugWithoutRebuild|Mixed Platforms.ActiveCfg = DebugDevTrace|x86
		{415D3E3F-7105-46C1-84D2-7ECB34213D92}.DebugWithoutRebuild|Mixed Platforms.Build.0 = DebugDevTrace|x86
		{415D3E3F-7105-46C1-84D2-7ECB34213D92}.DebugWithoutRebuild|x64.ActiveCfg = DebugDevTrace|x64
		{415D3E3F-7105-46C1-84D2-7ECB34213D92}.DebugWithoutRebuild|x64.Build.0 = DebugDevTrace|x64
		{415D3E3F-7105-46C1-84D2-7ECB34213D92}.DebugWithoutRebuild|x86.ActiveCfg = DebugDevTrace|x86
		{415D3E3F-7105-46C1-84D2-7ECB34213D92}.DebugWithoutRebuild|x86.Build.0 = DebugDevTrace|x86
		{415D3E3F-7105-46C1-84D2-7ECB34213D92}.MinimalMsagl|Any CPU.ActiveCfg = Release|Any CPU
		{415D3E3F-7105-46C1-84D2-7ECB34213D92}.MinimalMsagl|Any CPU.Build.0 = Release|Any CPU
		{415D3E3F-7105-46C1-84D2-7ECB34213D92}.MinimalMsagl|Mixed Platforms.ActiveCfg = Release|x86
		{415D3E3F-7105-46C1-84D2-7ECB34213D92}.MinimalMsagl|Mixed Platforms.Build.0 = Release|x86
		{415D3E3F-7105-46C1-84D2-7ECB34213D92}.MinimalMsagl|x64.ActiveCfg = Release|x64
		{415D3E3F-7105-46C1-84D2-7ECB34213D92}.MinimalMsagl|x64.Build.0 = Release|x64
		{415D3E3F-7105-46C1-84D2-7ECB34213D92}.MinimalMsagl|x86.ActiveCfg = Release|x86
		{415D3E3F-7105-46C1-84D2-7ECB34213D92}.MinimalMsagl|x86.Build.0 = Release|x86
		{415D3E3F-7105-46C1-84D2-7ECB34213D92}.MonoDebug|Any CPU.ActiveCfg = Debug|Any CPU
		{415D3E3F-7105-46C1-84D2-7ECB34213D92}.MonoDebug|Any CPU.Build.0 = Debug|Any CPU
		{415D3E3F-7105-46C1-84D2-7ECB34213D92}.MonoDebug|Mixed Platforms.ActiveCfg = Debug|x86
		{415D3E3F-7105-46C1-84D2-7ECB34213D92}.MonoDebug|Mixed Platforms.Build.0 = Debug|x86
		{415D3E3F-7105-46C1-84D2-7ECB34213D92}.MonoDebug|x64.ActiveCfg = Debug|x64
		{415D3E3F-7105-46C1-84D2-7ECB34213D92}.MonoDebug|x64.Build.0 = Debug|x64
		{415D3E3F-7105-46C1-84D2-7ECB34213D92}.MonoDebug|x86.ActiveCfg = Debug|x86
		{415D3E3F-7105-46C1-84D2-7ECB34213D92}.MonoDebug|x86.Build.0 = Debug|x86
		{415D3E3F-7105-46C1-84D2-7ECB34213D92}.MonoRelease|Any CPU.ActiveCfg = Release|Any CPU
		{415D3E3F-7105-46C1-84D2-7ECB34213D92}.MonoRelease|Any CPU.Build.0 = Release|Any CPU
		{415D3E3F-7105-46C1-84D2-7ECB34213D92}.MonoRelease|Mixed Platforms.ActiveCfg = Release|x86
		{415D3E3F-7105-46C1-84D2-7ECB34213D92}.MonoRelease|Mixed Platforms.Build.0 = Release|x86
		{415D3E3F-7105-46C1-84D2-7ECB34213D92}.MonoRelease|x64.ActiveCfg = Release|x64
		{415D3E3F-7105-46C1-84D2-7ECB34213D92}.MonoRelease|x64.Build.0 = Release|x64
		{415D3E3F-7105-46C1-84D2-7ECB34213D92}.MonoRelease|x86.ActiveCfg = Release|x86
		{415D3E3F-7105-46C1-84D2-7ECB34213D92}.MonoRelease|x86.Build.0 = Release|x86
		{415D3E3F-7105-46C1-84D2-7ECB34213D92}.Release|Any CPU.ActiveCfg = Release|Any CPU
		{415D3E3F-7105-46C1-84D2-7ECB34213D92}.Release|Any CPU.Build.0 = Release|Any CPU
		{415D3E3F-7105-46C1-84D2-7ECB34213D92}.Release|Mixed Platforms.ActiveCfg = Release|x86
		{415D3E3F-7105-46C1-84D2-7ECB34213D92}.Release|Mixed Platforms.Build.0 = Release|x86
		{415D3E3F-7105-46C1-84D2-7ECB34213D92}.Release|x64.ActiveCfg = Release|x64
		{415D3E3F-7105-46C1-84D2-7ECB34213D92}.Release|x64.Build.0 = Release|x64
		{415D3E3F-7105-46C1-84D2-7ECB34213D92}.Release|x86.ActiveCfg = Release|x86
		{415D3E3F-7105-46C1-84D2-7ECB34213D92}.Release|x86.Build.0 = Release|x86
		{415D3E3F-7105-46C1-84D2-7ECB34213D92}.Retail|Any CPU.ActiveCfg = Release|Any CPU
		{415D3E3F-7105-46C1-84D2-7ECB34213D92}.Retail|Any CPU.Build.0 = Release|Any CPU
		{415D3E3F-7105-46C1-84D2-7ECB34213D92}.Retail|Mixed Platforms.ActiveCfg = Release|x86
		{415D3E3F-7105-46C1-84D2-7ECB34213D92}.Retail|Mixed Platforms.Build.0 = Release|x86
		{415D3E3F-7105-46C1-84D2-7ECB34213D92}.Retail|x64.ActiveCfg = Release|x64
		{415D3E3F-7105-46C1-84D2-7ECB34213D92}.Retail|x64.Build.0 = Release|x64
		{415D3E3F-7105-46C1-84D2-7ECB34213D92}.Retail|x86.ActiveCfg = Release|x86
		{415D3E3F-7105-46C1-84D2-7ECB34213D92}.Retail|x86.Build.0 = Release|x86
		{415D3E3F-7105-46C1-84D2-7ECB34213D92}.Setup|Any CPU.ActiveCfg = Release|Any CPU
		{415D3E3F-7105-46C1-84D2-7ECB34213D92}.Setup|Any CPU.Build.0 = Release|Any CPU
		{415D3E3F-7105-46C1-84D2-7ECB34213D92}.Setup|Mixed Platforms.ActiveCfg = Release|x86
		{415D3E3F-7105-46C1-84D2-7ECB34213D92}.Setup|Mixed Platforms.Build.0 = Release|x86
		{415D3E3F-7105-46C1-84D2-7ECB34213D92}.Setup|x64.ActiveCfg = Release|x64
		{415D3E3F-7105-46C1-84D2-7ECB34213D92}.Setup|x64.Build.0 = Release|x64
		{415D3E3F-7105-46C1-84D2-7ECB34213D92}.Setup|x86.ActiveCfg = Release|x86
		{415D3E3F-7105-46C1-84D2-7ECB34213D92}.Setup|x86.Build.0 = Release|x86
		{415D3E3F-7105-46C1-84D2-7ECB34213D92}.Surface Graph Viewer - Debug|Any CPU.ActiveCfg = Debug|Any CPU
		{415D3E3F-7105-46C1-84D2-7ECB34213D92}.Surface Graph Viewer - Debug|Any CPU.Build.0 = Debug|Any CPU
		{415D3E3F-7105-46C1-84D2-7ECB34213D92}.Surface Graph Viewer - Debug|Mixed Platforms.ActiveCfg = Debug|x86
		{415D3E3F-7105-46C1-84D2-7ECB34213D92}.Surface Graph Viewer - Debug|Mixed Platforms.Build.0 = Debug|x86
		{415D3E3F-7105-46C1-84D2-7ECB34213D92}.Surface Graph Viewer - Debug|x64.ActiveCfg = Debug|x64
		{415D3E3F-7105-46C1-84D2-7ECB34213D92}.Surface Graph Viewer - Debug|x64.Build.0 = Debug|x64
		{415D3E3F-7105-46C1-84D2-7ECB34213D92}.Surface Graph Viewer - Debug|x86.ActiveCfg = Debug|x86
		{415D3E3F-7105-46C1-84D2-7ECB34213D92}.Surface Graph Viewer - Debug|x86.Build.0 = Debug|x86
		{415D3E3F-7105-46C1-84D2-7ECB34213D92}.Surface Graph Viewer - Release|Any CPU.ActiveCfg = Release|Any CPU
		{415D3E3F-7105-46C1-84D2-7ECB34213D92}.Surface Graph Viewer - Release|Any CPU.Build.0 = Release|Any CPU
		{415D3E3F-7105-46C1-84D2-7ECB34213D92}.Surface Graph Viewer - Release|Mixed Platforms.ActiveCfg = Release|x86
		{415D3E3F-7105-46C1-84D2-7ECB34213D92}.Surface Graph Viewer - Release|Mixed Platforms.Build.0 = Release|x86
		{415D3E3F-7105-46C1-84D2-7ECB34213D92}.Surface Graph Viewer - Release|x64.ActiveCfg = Release|x64
		{415D3E3F-7105-46C1-84D2-7ECB34213D92}.Surface Graph Viewer - Release|x64.Build.0 = Release|x64
		{415D3E3F-7105-46C1-84D2-7ECB34213D92}.Surface Graph Viewer - Release|x86.ActiveCfg = Release|x86
		{415D3E3F-7105-46C1-84D2-7ECB34213D92}.Surface Graph Viewer - Release|x86.Build.0 = Release|x86
		{725CD2CB-CF37-414E-A5A6-F1D87D4D6EDE}.CutRelease|Any CPU.ActiveCfg = Release|Any CPU
		{725CD2CB-CF37-414E-A5A6-F1D87D4D6EDE}.CutRelease|Any CPU.Build.0 = Release|Any CPU
		{725CD2CB-CF37-414E-A5A6-F1D87D4D6EDE}.CutRelease|Mixed Platforms.ActiveCfg = Release|x86
		{725CD2CB-CF37-414E-A5A6-F1D87D4D6EDE}.CutRelease|Mixed Platforms.Build.0 = Release|x86
		{725CD2CB-CF37-414E-A5A6-F1D87D4D6EDE}.CutRelease|x64.ActiveCfg = Release|x64
		{725CD2CB-CF37-414E-A5A6-F1D87D4D6EDE}.CutRelease|x64.Build.0 = Release|x64
		{725CD2CB-CF37-414E-A5A6-F1D87D4D6EDE}.CutRelease|x86.ActiveCfg = Release|x86
		{725CD2CB-CF37-414E-A5A6-F1D87D4D6EDE}.CutRelease|x86.Build.0 = Release|x86
		{725CD2CB-CF37-414E-A5A6-F1D87D4D6EDE}.Debug Surface Graph Viewer|Any CPU.ActiveCfg = Debug Surface Graph Viewer|Any CPU
		{725CD2CB-CF37-414E-A5A6-F1D87D4D6EDE}.Debug Surface Graph Viewer|Any CPU.Build.0 = Debug Surface Graph Viewer|Any CPU
		{725CD2CB-CF37-414E-A5A6-F1D87D4D6EDE}.Debug Surface Graph Viewer|Mixed Platforms.ActiveCfg = Debug Surface Graph Viewer|x86
		{725CD2CB-CF37-414E-A5A6-F1D87D4D6EDE}.Debug Surface Graph Viewer|Mixed Platforms.Build.0 = Debug Surface Graph Viewer|x86
		{725CD2CB-CF37-414E-A5A6-F1D87D4D6EDE}.Debug Surface Graph Viewer|x64.ActiveCfg = Debug Surface Graph Viewer|x64
		{725CD2CB-CF37-414E-A5A6-F1D87D4D6EDE}.Debug Surface Graph Viewer|x64.Build.0 = Debug Surface Graph Viewer|x64
		{725CD2CB-CF37-414E-A5A6-F1D87D4D6EDE}.Debug Surface Graph Viewer|x86.ActiveCfg = Debug Surface Graph Viewer|x86
		{725CD2CB-CF37-414E-A5A6-F1D87D4D6EDE}.Debug Surface Graph Viewer|x86.Build.0 = Debug Surface Graph Viewer|x86
		{725CD2CB-CF37-414E-A5A6-F1D87D4D6EDE}.Debug|Any CPU.ActiveCfg = Debug|Any CPU
		{725CD2CB-CF37-414E-A5A6-F1D87D4D6EDE}.Debug|Any CPU.Build.0 = Debug|Any CPU
		{725CD2CB-CF37-414E-A5A6-F1D87D4D6EDE}.Debug|Mixed Platforms.ActiveCfg = Debug|x86
		{725CD2CB-CF37-414E-A5A6-F1D87D4D6EDE}.Debug|Mixed Platforms.Build.0 = Debug|x86
		{725CD2CB-CF37-414E-A5A6-F1D87D4D6EDE}.Debug|x64.ActiveCfg = Debug|x64
		{725CD2CB-CF37-414E-A5A6-F1D87D4D6EDE}.Debug|x64.Build.0 = Debug|x64
		{725CD2CB-CF37-414E-A5A6-F1D87D4D6EDE}.Debug|x86.ActiveCfg = Debug|x86
		{725CD2CB-CF37-414E-A5A6-F1D87D4D6EDE}.Debug|x86.Build.0 = Debug|x86
		{725CD2CB-CF37-414E-A5A6-F1D87D4D6EDE}.DebugDevTrace|Any CPU.ActiveCfg = DebugDevTrace|Any CPU
		{725CD2CB-CF37-414E-A5A6-F1D87D4D6EDE}.DebugDevTrace|Any CPU.Build.0 = DebugDevTrace|Any CPU
		{725CD2CB-CF37-414E-A5A6-F1D87D4D6EDE}.DebugDevTrace|Mixed Platforms.ActiveCfg = DebugDevTrace|x86
		{725CD2CB-CF37-414E-A5A6-F1D87D4D6EDE}.DebugDevTrace|Mixed Platforms.Build.0 = DebugDevTrace|x86
		{725CD2CB-CF37-414E-A5A6-F1D87D4D6EDE}.DebugDevTrace|x64.ActiveCfg = DebugDevTrace|x64
		{725CD2CB-CF37-414E-A5A6-F1D87D4D6EDE}.DebugDevTrace|x64.Build.0 = DebugDevTrace|x64
		{725CD2CB-CF37-414E-A5A6-F1D87D4D6EDE}.DebugDevTrace|x86.ActiveCfg = DebugDevTrace|x86
		{725CD2CB-CF37-414E-A5A6-F1D87D4D6EDE}.DebugDevTrace|x86.Build.0 = DebugDevTrace|x86
		{725CD2CB-CF37-414E-A5A6-F1D87D4D6EDE}.DebugSurface|Any CPU.ActiveCfg = DebugSurface|Any CPU
		{725CD2CB-CF37-414E-A5A6-F1D87D4D6EDE}.DebugSurface|Any CPU.Build.0 = DebugSurface|Any CPU
		{725CD2CB-CF37-414E-A5A6-F1D87D4D6EDE}.DebugSurface|Mixed Platforms.ActiveCfg = DebugSurface|x86
		{725CD2CB-CF37-414E-A5A6-F1D87D4D6EDE}.DebugSurface|Mixed Platforms.Build.0 = DebugSurface|x86
		{725CD2CB-CF37-414E-A5A6-F1D87D4D6EDE}.DebugSurface|x64.ActiveCfg = DebugSurface|x64
		{725CD2CB-CF37-414E-A5A6-F1D87D4D6EDE}.DebugSurface|x64.Build.0 = DebugSurface|x64
		{725CD2CB-CF37-414E-A5A6-F1D87D4D6EDE}.DebugSurface|x86.ActiveCfg = DebugSurface|x86
		{725CD2CB-CF37-414E-A5A6-F1D87D4D6EDE}.DebugSurface|x86.Build.0 = DebugSurface|x86
		{725CD2CB-CF37-414E-A5A6-F1D87D4D6EDE}.DebugWithoutRebuild|Any CPU.ActiveCfg = DebugWithoutRebuild|Any CPU
		{725CD2CB-CF37-414E-A5A6-F1D87D4D6EDE}.DebugWithoutRebuild|Any CPU.Build.0 = DebugWithoutRebuild|Any CPU
		{725CD2CB-CF37-414E-A5A6-F1D87D4D6EDE}.DebugWithoutRebuild|Mixed Platforms.ActiveCfg = DebugWithoutRebuild|x86
		{725CD2CB-CF37-414E-A5A6-F1D87D4D6EDE}.DebugWithoutRebuild|Mixed Platforms.Build.0 = DebugWithoutRebuild|x86
		{725CD2CB-CF37-414E-A5A6-F1D87D4D6EDE}.DebugWithoutRebuild|x64.ActiveCfg = DebugWithoutRebuild|x64
		{725CD2CB-CF37-414E-A5A6-F1D87D4D6EDE}.DebugWithoutRebuild|x64.Build.0 = DebugWithoutRebuild|x64
		{725CD2CB-CF37-414E-A5A6-F1D87D4D6EDE}.DebugWithoutRebuild|x86.ActiveCfg = DebugWithoutRebuild|x86
		{725CD2CB-CF37-414E-A5A6-F1D87D4D6EDE}.DebugWithoutRebuild|x86.Build.0 = DebugWithoutRebuild|x86
		{725CD2CB-CF37-414E-A5A6-F1D87D4D6EDE}.MinimalMsagl|Any CPU.ActiveCfg = DebugDevTrace|Any CPU
		{725CD2CB-CF37-414E-A5A6-F1D87D4D6EDE}.MinimalMsagl|Any CPU.Build.0 = DebugDevTrace|Any CPU
		{725CD2CB-CF37-414E-A5A6-F1D87D4D6EDE}.MinimalMsagl|Mixed Platforms.ActiveCfg = DebugDevTrace|x86
		{725CD2CB-CF37-414E-A5A6-F1D87D4D6EDE}.MinimalMsagl|Mixed Platforms.Build.0 = DebugDevTrace|x86
		{725CD2CB-CF37-414E-A5A6-F1D87D4D6EDE}.MinimalMsagl|x64.ActiveCfg = DebugDevTrace|x64
		{725CD2CB-CF37-414E-A5A6-F1D87D4D6EDE}.MinimalMsagl|x64.Build.0 = DebugDevTrace|x64
		{725CD2CB-CF37-414E-A5A6-F1D87D4D6EDE}.MinimalMsagl|x86.ActiveCfg = DebugDevTrace|x86
		{725CD2CB-CF37-414E-A5A6-F1D87D4D6EDE}.MinimalMsagl|x86.Build.0 = DebugDevTrace|x86
		{725CD2CB-CF37-414E-A5A6-F1D87D4D6EDE}.MonoDebug|Any CPU.ActiveCfg = Debug|Any CPU
		{725CD2CB-CF37-414E-A5A6-F1D87D4D6EDE}.MonoDebug|Any CPU.Build.0 = Debug|Any CPU
		{725CD2CB-CF37-414E-A5A6-F1D87D4D6EDE}.MonoDebug|Mixed Platforms.ActiveCfg = Debug|x86
		{725CD2CB-CF37-414E-A5A6-F1D87D4D6EDE}.MonoDebug|Mixed Platforms.Build.0 = Debug|x86
		{725CD2CB-CF37-414E-A5A6-F1D87D4D6EDE}.MonoDebug|x64.ActiveCfg = Debug|x64
		{725CD2CB-CF37-414E-A5A6-F1D87D4D6EDE}.MonoDebug|x64.Build.0 = Debug|x64
		{725CD2CB-CF37-414E-A5A6-F1D87D4D6EDE}.MonoDebug|x86.ActiveCfg = Debug|x86
		{725CD2CB-CF37-414E-A5A6-F1D87D4D6EDE}.MonoDebug|x86.Build.0 = Debug|x86
		{725CD2CB-CF37-414E-A5A6-F1D87D4D6EDE}.MonoRelease|Any CPU.ActiveCfg = Release|Any CPU
		{725CD2CB-CF37-414E-A5A6-F1D87D4D6EDE}.MonoRelease|Any CPU.Build.0 = Release|Any CPU
		{725CD2CB-CF37-414E-A5A6-F1D87D4D6EDE}.MonoRelease|Mixed Platforms.ActiveCfg = Release|x86
		{725CD2CB-CF37-414E-A5A6-F1D87D4D6EDE}.MonoRelease|Mixed Platforms.Build.0 = Release|x86
		{725CD2CB-CF37-414E-A5A6-F1D87D4D6EDE}.MonoRelease|x64.ActiveCfg = Release|x64
		{725CD2CB-CF37-414E-A5A6-F1D87D4D6EDE}.MonoRelease|x64.Build.0 = Release|x64
		{725CD2CB-CF37-414E-A5A6-F1D87D4D6EDE}.MonoRelease|x86.ActiveCfg = Release|x86
		{725CD2CB-CF37-414E-A5A6-F1D87D4D6EDE}.MonoRelease|x86.Build.0 = Release|x86
		{725CD2CB-CF37-414E-A5A6-F1D87D4D6EDE}.Release|Any CPU.ActiveCfg = Release|Any CPU
		{725CD2CB-CF37-414E-A5A6-F1D87D4D6EDE}.Release|Any CPU.Build.0 = Release|Any CPU
		{725CD2CB-CF37-414E-A5A6-F1D87D4D6EDE}.Release|Mixed Platforms.ActiveCfg = Release|x86
		{725CD2CB-CF37-414E-A5A6-F1D87D4D6EDE}.Release|Mixed Platforms.Build.0 = Release|x86
		{725CD2CB-CF37-414E-A5A6-F1D87D4D6EDE}.Release|x64.ActiveCfg = Release|x64
		{725CD2CB-CF37-414E-A5A6-F1D87D4D6EDE}.Release|x64.Build.0 = Release|x64
		{725CD2CB-CF37-414E-A5A6-F1D87D4D6EDE}.Release|x86.ActiveCfg = Release|x86
		{725CD2CB-CF37-414E-A5A6-F1D87D4D6EDE}.Release|x86.Build.0 = Release|x86
		{725CD2CB-CF37-414E-A5A6-F1D87D4D6EDE}.Retail|Any CPU.ActiveCfg = Retail|Any CPU
		{725CD2CB-CF37-414E-A5A6-F1D87D4D6EDE}.Retail|Any CPU.Build.0 = Retail|Any CPU
		{725CD2CB-CF37-414E-A5A6-F1D87D4D6EDE}.Retail|Mixed Platforms.ActiveCfg = Retail|x86
		{725CD2CB-CF37-414E-A5A6-F1D87D4D6EDE}.Retail|Mixed Platforms.Build.0 = Retail|x86
		{725CD2CB-CF37-414E-A5A6-F1D87D4D6EDE}.Retail|x64.ActiveCfg = Retail|x64
		{725CD2CB-CF37-414E-A5A6-F1D87D4D6EDE}.Retail|x64.Build.0 = Retail|x64
		{725CD2CB-CF37-414E-A5A6-F1D87D4D6EDE}.Retail|x86.ActiveCfg = Retail|x86
		{725CD2CB-CF37-414E-A5A6-F1D87D4D6EDE}.Retail|x86.Build.0 = Retail|x86
		{725CD2CB-CF37-414E-A5A6-F1D87D4D6EDE}.Setup|Any CPU.ActiveCfg = Setup|Any CPU
		{725CD2CB-CF37-414E-A5A6-F1D87D4D6EDE}.Setup|Any CPU.Build.0 = Setup|Any CPU
		{725CD2CB-CF37-414E-A5A6-F1D87D4D6EDE}.Setup|Mixed Platforms.ActiveCfg = Setup|x86
		{725CD2CB-CF37-414E-A5A6-F1D87D4D6EDE}.Setup|Mixed Platforms.Build.0 = Setup|x86
		{725CD2CB-CF37-414E-A5A6-F1D87D4D6EDE}.Setup|x64.ActiveCfg = Setup|x64
		{725CD2CB-CF37-414E-A5A6-F1D87D4D6EDE}.Setup|x64.Build.0 = Setup|x64
		{725CD2CB-CF37-414E-A5A6-F1D87D4D6EDE}.Setup|x86.ActiveCfg = Setup|x86
		{725CD2CB-CF37-414E-A5A6-F1D87D4D6EDE}.Setup|x86.Build.0 = Setup|x86
		{725CD2CB-CF37-414E-A5A6-F1D87D4D6EDE}.Surface Graph Viewer - Debug|Any CPU.ActiveCfg = Surface Graph Viewer - Debug|Any CPU
		{725CD2CB-CF37-414E-A5A6-F1D87D4D6EDE}.Surface Graph Viewer - Debug|Any CPU.Build.0 = Surface Graph Viewer - Debug|Any CPU
		{725CD2CB-CF37-414E-A5A6-F1D87D4D6EDE}.Surface Graph Viewer - Debug|Mixed Platforms.ActiveCfg = Surface Graph Viewer - Debug|x86
		{725CD2CB-CF37-414E-A5A6-F1D87D4D6EDE}.Surface Graph Viewer - Debug|Mixed Platforms.Build.0 = Surface Graph Viewer - Debug|x86
		{725CD2CB-CF37-414E-A5A6-F1D87D4D6EDE}.Surface Graph Viewer - Debug|x64.ActiveCfg = Surface Graph Viewer - Debug|x64
		{725CD2CB-CF37-414E-A5A6-F1D87D4D6EDE}.Surface Graph Viewer - Debug|x64.Build.0 = Surface Graph Viewer - Debug|x64
		{725CD2CB-CF37-414E-A5A6-F1D87D4D6EDE}.Surface Graph Viewer - Debug|x86.ActiveCfg = Surface Graph Viewer - Debug|x86
		{725CD2CB-CF37-414E-A5A6-F1D87D4D6EDE}.Surface Graph Viewer - Debug|x86.Build.0 = Surface Graph Viewer - Debug|x86
		{725CD2CB-CF37-414E-A5A6-F1D87D4D6EDE}.Surface Graph Viewer - Release|Any CPU.ActiveCfg = Surface Graph Viewer - Release|Any CPU
		{725CD2CB-CF37-414E-A5A6-F1D87D4D6EDE}.Surface Graph Viewer - Release|Any CPU.Build.0 = Surface Graph Viewer - Release|Any CPU
		{725CD2CB-CF37-414E-A5A6-F1D87D4D6EDE}.Surface Graph Viewer - Release|Mixed Platforms.ActiveCfg = Surface Graph Viewer - Release|x86
		{725CD2CB-CF37-414E-A5A6-F1D87D4D6EDE}.Surface Graph Viewer - Release|Mixed Platforms.Build.0 = Surface Graph Viewer - Release|x86
		{725CD2CB-CF37-414E-A5A6-F1D87D4D6EDE}.Surface Graph Viewer - Release|x64.ActiveCfg = Surface Graph Viewer - Release|x64
		{725CD2CB-CF37-414E-A5A6-F1D87D4D6EDE}.Surface Graph Viewer - Release|x64.Build.0 = Surface Graph Viewer - Release|x64
		{725CD2CB-CF37-414E-A5A6-F1D87D4D6EDE}.Surface Graph Viewer - Release|x86.ActiveCfg = Surface Graph Viewer - Release|x86
		{725CD2CB-CF37-414E-A5A6-F1D87D4D6EDE}.Surface Graph Viewer - Release|x86.Build.0 = Surface Graph Viewer - Release|x86
		{B76F8F71-4B00-4242-BE36-C9F0732511F7}.CutRelease|Any CPU.ActiveCfg = CutRelease|Any CPU
		{B76F8F71-4B00-4242-BE36-C9F0732511F7}.CutRelease|Any CPU.Build.0 = CutRelease|Any CPU
		{B76F8F71-4B00-4242-BE36-C9F0732511F7}.CutRelease|Mixed Platforms.ActiveCfg = CutRelease|x86
		{B76F8F71-4B00-4242-BE36-C9F0732511F7}.CutRelease|Mixed Platforms.Build.0 = CutRelease|x86
		{B76F8F71-4B00-4242-BE36-C9F0732511F7}.CutRelease|x64.ActiveCfg = CutRelease|x64
		{B76F8F71-4B00-4242-BE36-C9F0732511F7}.CutRelease|x64.Build.0 = CutRelease|x64
		{B76F8F71-4B00-4242-BE36-C9F0732511F7}.CutRelease|x86.ActiveCfg = CutRelease|x86
		{B76F8F71-4B00-4242-BE36-C9F0732511F7}.CutRelease|x86.Build.0 = CutRelease|x86
		{B76F8F71-4B00-4242-BE36-C9F0732511F7}.Debug Surface Graph Viewer|Any CPU.ActiveCfg = Debug Surface Graph Viewer|Any CPU
		{B76F8F71-4B00-4242-BE36-C9F0732511F7}.Debug Surface Graph Viewer|Any CPU.Build.0 = Debug Surface Graph Viewer|Any CPU
		{B76F8F71-4B00-4242-BE36-C9F0732511F7}.Debug Surface Graph Viewer|Mixed Platforms.ActiveCfg = Debug Surface Graph Viewer|x86
		{B76F8F71-4B00-4242-BE36-C9F0732511F7}.Debug Surface Graph Viewer|Mixed Platforms.Build.0 = Debug Surface Graph Viewer|x86
		{B76F8F71-4B00-4242-BE36-C9F0732511F7}.Debug Surface Graph Viewer|x64.ActiveCfg = Debug Surface Graph Viewer|x64
		{B76F8F71-4B00-4242-BE36-C9F0732511F7}.Debug Surface Graph Viewer|x64.Build.0 = Debug Surface Graph Viewer|x64
		{B76F8F71-4B00-4242-BE36-C9F0732511F7}.Debug Surface Graph Viewer|x86.ActiveCfg = Debug Surface Graph Viewer|x86
		{B76F8F71-4B00-4242-BE36-C9F0732511F7}.Debug Surface Graph Viewer|x86.Build.0 = Debug Surface Graph Viewer|x86
		{B76F8F71-4B00-4242-BE36-C9F0732511F7}.Debug|Any CPU.ActiveCfg = Debug|Any CPU
		{B76F8F71-4B00-4242-BE36-C9F0732511F7}.Debug|Any CPU.Build.0 = Debug|Any CPU
		{B76F8F71-4B00-4242-BE36-C9F0732511F7}.Debug|Mixed Platforms.ActiveCfg = Debug|x86
		{B76F8F71-4B00-4242-BE36-C9F0732511F7}.Debug|Mixed Platforms.Build.0 = Debug|x86
		{B76F8F71-4B00-4242-BE36-C9F0732511F7}.Debug|x64.ActiveCfg = Debug|x64
		{B76F8F71-4B00-4242-BE36-C9F0732511F7}.Debug|x64.Build.0 = Debug|x64
		{B76F8F71-4B00-4242-BE36-C9F0732511F7}.Debug|x86.ActiveCfg = Debug|x86
		{B76F8F71-4B00-4242-BE36-C9F0732511F7}.Debug|x86.Build.0 = Debug|x86
		{B76F8F71-4B00-4242-BE36-C9F0732511F7}.DebugDevTrace|Any CPU.ActiveCfg = DebugDevTrace|Any CPU
		{B76F8F71-4B00-4242-BE36-C9F0732511F7}.DebugDevTrace|Any CPU.Build.0 = DebugDevTrace|Any CPU
		{B76F8F71-4B00-4242-BE36-C9F0732511F7}.DebugDevTrace|Mixed Platforms.ActiveCfg = DebugDevTrace|x86
		{B76F8F71-4B00-4242-BE36-C9F0732511F7}.DebugDevTrace|Mixed Platforms.Build.0 = DebugDevTrace|x86
		{B76F8F71-4B00-4242-BE36-C9F0732511F7}.DebugDevTrace|x64.ActiveCfg = DebugDevTrace|x64
		{B76F8F71-4B00-4242-BE36-C9F0732511F7}.DebugDevTrace|x64.Build.0 = DebugDevTrace|x64
		{B76F8F71-4B00-4242-BE36-C9F0732511F7}.DebugDevTrace|x86.ActiveCfg = DebugDevTrace|x86
		{B76F8F71-4B00-4242-BE36-C9F0732511F7}.DebugDevTrace|x86.Build.0 = DebugDevTrace|x86
		{B76F8F71-4B00-4242-BE36-C9F0732511F7}.DebugSurface|Any CPU.ActiveCfg = DebugSurface|Any CPU
		{B76F8F71-4B00-4242-BE36-C9F0732511F7}.DebugSurface|Any CPU.Build.0 = DebugSurface|Any CPU
		{B76F8F71-4B00-4242-BE36-C9F0732511F7}.DebugSurface|Mixed Platforms.ActiveCfg = DebugSurface|x86
		{B76F8F71-4B00-4242-BE36-C9F0732511F7}.DebugSurface|Mixed Platforms.Build.0 = DebugSurface|x86
		{B76F8F71-4B00-4242-BE36-C9F0732511F7}.DebugSurface|x64.ActiveCfg = DebugSurface|x64
		{B76F8F71-4B00-4242-BE36-C9F0732511F7}.DebugSurface|x64.Build.0 = DebugSurface|x64
		{B76F8F71-4B00-4242-BE36-C9F0732511F7}.DebugSurface|x86.ActiveCfg = DebugSurface|x86
		{B76F8F71-4B00-4242-BE36-C9F0732511F7}.DebugSurface|x86.Build.0 = DebugSurface|x86
		{B76F8F71-4B00-4242-BE36-C9F0732511F7}.DebugWithoutRebuild|Any CPU.ActiveCfg = DebugWithoutRebuild|Any CPU
		{B76F8F71-4B00-4242-BE36-C9F0732511F7}.DebugWithoutRebuild|Any CPU.Build.0 = DebugWithoutRebuild|Any CPU
		{B76F8F71-4B00-4242-BE36-C9F0732511F7}.DebugWithoutRebuild|Mixed Platforms.ActiveCfg = DebugWithoutRebuild|x86
		{B76F8F71-4B00-4242-BE36-C9F0732511F7}.DebugWithoutRebuild|Mixed Platforms.Build.0 = DebugWithoutRebuild|x86
		{B76F8F71-4B00-4242-BE36-C9F0732511F7}.DebugWithoutRebuild|x64.ActiveCfg = DebugWithoutRebuild|x64
		{B76F8F71-4B00-4242-BE36-C9F0732511F7}.DebugWithoutRebuild|x64.Build.0 = DebugWithoutRebuild|x64
		{B76F8F71-4B00-4242-BE36-C9F0732511F7}.DebugWithoutRebuild|x86.ActiveCfg = DebugWithoutRebuild|x86
		{B76F8F71-4B00-4242-BE36-C9F0732511F7}.DebugWithoutRebuild|x86.Build.0 = DebugWithoutRebuild|x86
		{B76F8F71-4B00-4242-BE36-C9F0732511F7}.MinimalMsagl|Any CPU.ActiveCfg = MinimalMsagl|Any CPU
		{B76F8F71-4B00-4242-BE36-C9F0732511F7}.MinimalMsagl|Any CPU.Build.0 = MinimalMsagl|Any CPU
		{B76F8F71-4B00-4242-BE36-C9F0732511F7}.MinimalMsagl|Mixed Platforms.ActiveCfg = MinimalMsagl|x86
		{B76F8F71-4B00-4242-BE36-C9F0732511F7}.MinimalMsagl|Mixed Platforms.Build.0 = MinimalMsagl|x86
		{B76F8F71-4B00-4242-BE36-C9F0732511F7}.MinimalMsagl|x64.ActiveCfg = MinimalMsagl|x64
		{B76F8F71-4B00-4242-BE36-C9F0732511F7}.MinimalMsagl|x64.Build.0 = MinimalMsagl|x64
		{B76F8F71-4B00-4242-BE36-C9F0732511F7}.MinimalMsagl|x86.ActiveCfg = MinimalMsagl|x86
		{B76F8F71-4B00-4242-BE36-C9F0732511F7}.MinimalMsagl|x86.Build.0 = MinimalMsagl|x86
		{B76F8F71-4B00-4242-BE36-C9F0732511F7}.MonoDebug|Any CPU.ActiveCfg = Debug|Any CPU
		{B76F8F71-4B00-4242-BE36-C9F0732511F7}.MonoDebug|Any CPU.Build.0 = Debug|Any CPU
		{B76F8F71-4B00-4242-BE36-C9F0732511F7}.MonoDebug|Mixed Platforms.ActiveCfg = Debug|x86
		{B76F8F71-4B00-4242-BE36-C9F0732511F7}.MonoDebug|Mixed Platforms.Build.0 = Debug|x86
		{B76F8F71-4B00-4242-BE36-C9F0732511F7}.MonoDebug|x64.ActiveCfg = Debug|x64
		{B76F8F71-4B00-4242-BE36-C9F0732511F7}.MonoDebug|x64.Build.0 = Debug|x64
		{B76F8F71-4B00-4242-BE36-C9F0732511F7}.MonoDebug|x86.ActiveCfg = Debug|x86
		{B76F8F71-4B00-4242-BE36-C9F0732511F7}.MonoDebug|x86.Build.0 = Debug|x86
		{B76F8F71-4B00-4242-BE36-C9F0732511F7}.MonoRelease|Any CPU.ActiveCfg = Release|Any CPU
		{B76F8F71-4B00-4242-BE36-C9F0732511F7}.MonoRelease|Any CPU.Build.0 = Release|Any CPU
		{B76F8F71-4B00-4242-BE36-C9F0732511F7}.MonoRelease|Mixed Platforms.ActiveCfg = Release|x86
		{B76F8F71-4B00-4242-BE36-C9F0732511F7}.MonoRelease|Mixed Platforms.Build.0 = Release|x86
		{B76F8F71-4B00-4242-BE36-C9F0732511F7}.MonoRelease|x64.ActiveCfg = Release|x64
		{B76F8F71-4B00-4242-BE36-C9F0732511F7}.MonoRelease|x64.Build.0 = Release|x64
		{B76F8F71-4B00-4242-BE36-C9F0732511F7}.MonoRelease|x86.ActiveCfg = Release|x86
		{B76F8F71-4B00-4242-BE36-C9F0732511F7}.MonoRelease|x86.Build.0 = Release|x86
		{B76F8F71-4B00-4242-BE36-C9F0732511F7}.Release|Any CPU.ActiveCfg = Release|Any CPU
		{B76F8F71-4B00-4242-BE36-C9F0732511F7}.Release|Any CPU.Build.0 = Release|Any CPU
		{B76F8F71-4B00-4242-BE36-C9F0732511F7}.Release|Mixed Platforms.ActiveCfg = Release|x86
		{B76F8F71-4B00-4242-BE36-C9F0732511F7}.Release|Mixed Platforms.Build.0 = Release|x86
		{B76F8F71-4B00-4242-BE36-C9F0732511F7}.Release|x64.ActiveCfg = Release|x64
		{B76F8F71-4B00-4242-BE36-C9F0732511F7}.Release|x64.Build.0 = Release|x64
		{B76F8F71-4B00-4242-BE36-C9F0732511F7}.Release|x86.ActiveCfg = Release|x86
		{B76F8F71-4B00-4242-BE36-C9F0732511F7}.Release|x86.Build.0 = Release|x86
		{B76F8F71-4B00-4242-BE36-C9F0732511F7}.Retail|Any CPU.ActiveCfg = Retail|Any CPU
		{B76F8F71-4B00-4242-BE36-C9F0732511F7}.Retail|Any CPU.Build.0 = Retail|Any CPU
		{B76F8F71-4B00-4242-BE36-C9F0732511F7}.Retail|Mixed Platforms.ActiveCfg = Retail|x86
		{B76F8F71-4B00-4242-BE36-C9F0732511F7}.Retail|Mixed Platforms.Build.0 = Retail|x86
		{B76F8F71-4B00-4242-BE36-C9F0732511F7}.Retail|x64.ActiveCfg = Retail|x64
		{B76F8F71-4B00-4242-BE36-C9F0732511F7}.Retail|x64.Build.0 = Retail|x64
		{B76F8F71-4B00-4242-BE36-C9F0732511F7}.Retail|x86.ActiveCfg = Retail|x86
		{B76F8F71-4B00-4242-BE36-C9F0732511F7}.Retail|x86.Build.0 = Retail|x86
		{B76F8F71-4B00-4242-BE36-C9F0732511F7}.Setup|Any CPU.ActiveCfg = Setup|Any CPU
		{B76F8F71-4B00-4242-BE36-C9F0732511F7}.Setup|Any CPU.Build.0 = Setup|Any CPU
		{B76F8F71-4B00-4242-BE36-C9F0732511F7}.Setup|Mixed Platforms.ActiveCfg = Setup|x86
		{B76F8F71-4B00-4242-BE36-C9F0732511F7}.Setup|Mixed Platforms.Build.0 = Setup|x86
		{B76F8F71-4B00-4242-BE36-C9F0732511F7}.Setup|x64.ActiveCfg = Setup|x64
		{B76F8F71-4B00-4242-BE36-C9F0732511F7}.Setup|x64.Build.0 = Setup|x64
		{B76F8F71-4B00-4242-BE36-C9F0732511F7}.Setup|x86.ActiveCfg = Setup|x86
		{B76F8F71-4B00-4242-BE36-C9F0732511F7}.Setup|x86.Build.0 = Setup|x86
		{B76F8F71-4B00-4242-BE36-C9F0732511F7}.Surface Graph Viewer - Debug|Any CPU.ActiveCfg = Surface Graph Viewer - Debug|Any CPU
		{B76F8F71-4B00-4242-BE36-C9F0732511F7}.Surface Graph Viewer - Debug|Any CPU.Build.0 = Surface Graph Viewer - Debug|Any CPU
		{B76F8F71-4B00-4242-BE36-C9F0732511F7}.Surface Graph Viewer - Debug|Mixed Platforms.ActiveCfg = Surface Graph Viewer - Debug|x86
		{B76F8F71-4B00-4242-BE36-C9F0732511F7}.Surface Graph Viewer - Debug|Mixed Platforms.Build.0 = Surface Graph Viewer - Debug|x86
		{B76F8F71-4B00-4242-BE36-C9F0732511F7}.Surface Graph Viewer - Debug|x64.ActiveCfg = Surface Graph Viewer - Debug|x64
		{B76F8F71-4B00-4242-BE36-C9F0732511F7}.Surface Graph Viewer - Debug|x64.Build.0 = Surface Graph Viewer - Debug|x64
		{B76F8F71-4B00-4242-BE36-C9F0732511F7}.Surface Graph Viewer - Debug|x86.ActiveCfg = Surface Graph Viewer - Debug|x86
		{B76F8F71-4B00-4242-BE36-C9F0732511F7}.Surface Graph Viewer - Debug|x86.Build.0 = Surface Graph Viewer - Debug|x86
		{B76F8F71-4B00-4242-BE36-C9F0732511F7}.Surface Graph Viewer - Release|Any CPU.ActiveCfg = Surface Graph Viewer - Release|Any CPU
		{B76F8F71-4B00-4242-BE36-C9F0732511F7}.Surface Graph Viewer - Release|Any CPU.Build.0 = Surface Graph Viewer - Release|Any CPU
		{B76F8F71-4B00-4242-BE36-C9F0732511F7}.Surface Graph Viewer - Release|Mixed Platforms.ActiveCfg = Surface Graph Viewer - Release|x86
		{B76F8F71-4B00-4242-BE36-C9F0732511F7}.Surface Graph Viewer - Release|Mixed Platforms.Build.0 = Surface Graph Viewer - Release|x86
		{B76F8F71-4B00-4242-BE36-C9F0732511F7}.Surface Graph Viewer - Release|x64.ActiveCfg = Surface Graph Viewer - Release|x64
		{B76F8F71-4B00-4242-BE36-C9F0732511F7}.Surface Graph Viewer - Release|x64.Build.0 = Surface Graph Viewer - Release|x64
		{B76F8F71-4B00-4242-BE36-C9F0732511F7}.Surface Graph Viewer - Release|x86.ActiveCfg = Surface Graph Viewer - Release|x86
		{B76F8F71-4B00-4242-BE36-C9F0732511F7}.Surface Graph Viewer - Release|x86.Build.0 = Surface Graph Viewer - Release|x86
	EndGlobalSection
	GlobalSection(SolutionProperties) = preSolution
		HideSolutionNode = FALSE
	EndGlobalSection
	GlobalSection(TestCaseManagementSettings) = postSolution
		CategoryFile = MelodicBanjoArranger.vsmdi
	EndGlobalSection
EndGlobal
