
Microsoft Visual Studio Solution File, Format Version 11.00
# Visual Studio 2010
Project("{FAE04EC0-301F-11D3-BF4B-00C04F79EFBC}") = "MelodicBanjoArranger", "MelodicBanjoArranger\MelodicBanjoArranger.csproj", "{92E4CB4C-98B0-40CD-B851-CCF6E2577F13}"
EndProject
Project("{2150E333-8FDC-42A3-9474-1A3956D46DE8}") = "Solution Items", "Solution Items", "{45E36EC6-1832-47E7-8A73-A72902B66F62}"
	ProjectSection(SolutionItems) = preProject
		..\MelodicBanjoArranger.vsd = ..\MelodicBanjoArranger.vsd
	EndProjectSection
EndProject
Global
	GlobalSection(SolutionConfigurationPlatforms) = preSolution
		Debug|x86 = Debug|x86
		Release|x86 = Release|x86
	EndGlobalSection
	GlobalSection(ProjectConfigurationPlatforms) = postSolution
		{92E4CB4C-98B0-40CD-B851-CCF6E2577F13}.Debug|x86.ActiveCfg = Debug|x86
		{92E4CB4C-98B0-40CD-B851-CCF6E2577F13}.Debug|x86.Build.0 = Debug|x86
		{92E4CB4C-98B0-40CD-B851-CCF6E2577F13}.Release|x86.ActiveCfg = Release|x86
		{92E4CB4C-98B0-40CD-B851-CCF6E2577F13}.Release|x86.Build.0 = Release|x86
	EndGlobalSection
	GlobalSection(SolutionProperties) = preSolution
		HideSolutionNode = FALSE
	EndGlobalSection
EndGlobal
